// !$*UTF8*$!
{
	archiveVersion = 1;
	classes = {
	};
	objectVersion = 52;
	objects = {

/* Begin PBXBuildFile section */
		FA59B68625FC280F00C7ABC8 /* Tests_iOS.swift in Sources */ = {isa = PBXBuildFile; fileRef = FA59B68525FC280F00C7ABC8 /* Tests_iOS.swift */; };
		FA59B69325FC280F00C7ABC8 /* HexBattleApp.swift in Sources */ = {isa = PBXBuildFile; fileRef = FA59B66A25FC280E00C7ABC8 /* HexBattleApp.swift */; };
		FA59B69425FC280F00C7ABC8 /* HexBattleApp.swift in Sources */ = {isa = PBXBuildFile; fileRef = FA59B66A25FC280E00C7ABC8 /* HexBattleApp.swift */; };
		FA59B69525FC280F00C7ABC8 /* ContentView.swift in Sources */ = {isa = PBXBuildFile; fileRef = FA59B66B25FC280E00C7ABC8 /* ContentView.swift */; };
		FA59B69625FC280F00C7ABC8 /* ContentView.swift in Sources */ = {isa = PBXBuildFile; fileRef = FA59B66B25FC280E00C7ABC8 /* ContentView.swift */; };
		FA59B69725FC280F00C7ABC8 /* Assets.xcassets in Resources */ = {isa = PBXBuildFile; fileRef = FA59B66C25FC280F00C7ABC8 /* Assets.xcassets */; };
		FA59B69825FC280F00C7ABC8 /* Assets.xcassets in Resources */ = {isa = PBXBuildFile; fileRef = FA59B66C25FC280F00C7ABC8 /* Assets.xcassets */; };
		FA59B6AE25FC287800C7ABC8 /* HexView.swift in Sources */ = {isa = PBXBuildFile; fileRef = FA59B6AD25FC287800C7ABC8 /* HexView.swift */; };
		FA59B6AF25FC287800C7ABC8 /* HexView.swift in Sources */ = {isa = PBXBuildFile; fileRef = FA59B6AD25FC287800C7ABC8 /* HexView.swift */; };
		FA59B6B925FC287F00C7ABC8 /* HexMapModel.swift in Sources */ = {isa = PBXBuildFile; fileRef = FA59B6B825FC287F00C7ABC8 /* HexMapModel.swift */; };
		FA59B6BA25FC287F00C7ABC8 /* HexMapModel.swift in Sources */ = {isa = PBXBuildFile; fileRef = FA59B6B825FC287F00C7ABC8 /* HexMapModel.swift */; };
		FA59B6C925FC2A1600C7ABC8 /* MapService.swift in Sources */ = {isa = PBXBuildFile; fileRef = FA59B6C825FC2A1600C7ABC8 /* MapService.swift */; };
		FA59B6CA25FC2A1600C7ABC8 /* MapService.swift in Sources */ = {isa = PBXBuildFile; fileRef = FA59B6C825FC2A1600C7ABC8 /* MapService.swift */; };
		FA59B6D525FC2A8400C7ABC8 /* Swinject in Frameworks */ = {isa = PBXBuildFile; productRef = FA59B6D425FC2A8400C7ABC8 /* Swinject */; };
		FA59B6DC25FC2A8F00C7ABC8 /* Swinject in Frameworks */ = {isa = PBXBuildFile; productRef = FA59B6DB25FC2A8F00C7ABC8 /* Swinject */; };
		FA59B6E225FC2ACD00C7ABC8 /* IocConfig.swift in Sources */ = {isa = PBXBuildFile; fileRef = FA59B6E125FC2ACD00C7ABC8 /* IocConfig.swift */; };
		FA59B6E325FC2ACD00C7ABC8 /* IocConfig.swift in Sources */ = {isa = PBXBuildFile; fileRef = FA59B6E125FC2ACD00C7ABC8 /* IocConfig.swift */; };
		FA59B6EB25FC2B3A00C7ABC8 /* PServiceType.swift in Sources */ = {isa = PBXBuildFile; fileRef = FA59B6EA25FC2B3A00C7ABC8 /* PServiceType.swift */; };
		FA59B6EC25FC2B3A00C7ABC8 /* PServiceType.swift in Sources */ = {isa = PBXBuildFile; fileRef = FA59B6EA25FC2B3A00C7ABC8 /* PServiceType.swift */; };
		FA59B6F225FC2C9600C7ABC8 /* maps in Resources */ = {isa = PBXBuildFile; fileRef = FA59B6F125FC2C9600C7ABC8 /* maps */; };
		FA59B6F325FC2C9600C7ABC8 /* maps in Resources */ = {isa = PBXBuildFile; fileRef = FA59B6F125FC2C9600C7ABC8 /* maps */; };
		FA59B77125FC33DE00C7ABC8 /* HexBattleTests.swift in Sources */ = {isa = PBXBuildFile; fileRef = FA59B77025FC33DE00C7ABC8 /* HexBattleTests.swift */; };
		FA59B77F25FC341800C7ABC8 /* MapServiceTests.swift in Sources */ = {isa = PBXBuildFile; fileRef = FA59B77E25FC341800C7ABC8 /* MapServiceTests.swift */; };
/* End PBXBuildFile section */

/* Begin PBXContainerItemProxy section */
		FA59B68225FC280F00C7ABC8 /* PBXContainerItemProxy */ = {
			isa = PBXContainerItemProxy;
			containerPortal = FA59B66525FC280D00C7ABC8 /* Project object */;
			proxyType = 1;
			remoteGlobalIDString = FA59B67025FC280F00C7ABC8;
			remoteInfo = "HexBattle (iOS)";
		};
		FA59B77325FC33DE00C7ABC8 /* PBXContainerItemProxy */ = {
			isa = PBXContainerItemProxy;
			containerPortal = FA59B66525FC280D00C7ABC8 /* Project object */;
			proxyType = 1;
			remoteGlobalIDString = FA59B67825FC280F00C7ABC8;
			remoteInfo = "HexBattle (macOS)";
		};
/* End PBXContainerItemProxy section */

/* Begin PBXFileReference section */
		FA59B66A25FC280E00C7ABC8 /* HexBattleApp.swift */ = {isa = PBXFileReference; lastKnownFileType = sourcecode.swift; path = HexBattleApp.swift; sourceTree = "<group>"; };
		FA59B66B25FC280E00C7ABC8 /* ContentView.swift */ = {isa = PBXFileReference; lastKnownFileType = sourcecode.swift; path = ContentView.swift; sourceTree = "<group>"; };
		FA59B66C25FC280F00C7ABC8 /* Assets.xcassets */ = {isa = PBXFileReference; lastKnownFileType = folder.assetcatalog; path = Assets.xcassets; sourceTree = "<group>"; };
		FA59B67125FC280F00C7ABC8 /* HexBattle.app */ = {isa = PBXFileReference; explicitFileType = wrapper.application; includeInIndex = 0; path = HexBattle.app; sourceTree = BUILT_PRODUCTS_DIR; };
		FA59B67425FC280F00C7ABC8 /* Info.plist */ = {isa = PBXFileReference; lastKnownFileType = text.plist.xml; path = Info.plist; sourceTree = "<group>"; };
		FA59B67925FC280F00C7ABC8 /* HexBattle.app */ = {isa = PBXFileReference; explicitFileType = wrapper.application; includeInIndex = 0; path = HexBattle.app; sourceTree = BUILT_PRODUCTS_DIR; };
		FA59B67B25FC280F00C7ABC8 /* Info.plist */ = {isa = PBXFileReference; lastKnownFileType = text.plist.xml; path = Info.plist; sourceTree = "<group>"; };
		FA59B67C25FC280F00C7ABC8 /* macOS.entitlements */ = {isa = PBXFileReference; lastKnownFileType = text.plist.entitlements; path = macOS.entitlements; sourceTree = "<group>"; };
		FA59B68125FC280F00C7ABC8 /* Tests iOS.xctest */ = {isa = PBXFileReference; explicitFileType = wrapper.cfbundle; includeInIndex = 0; path = "Tests iOS.xctest"; sourceTree = BUILT_PRODUCTS_DIR; };
		FA59B68525FC280F00C7ABC8 /* Tests_iOS.swift */ = {isa = PBXFileReference; lastKnownFileType = sourcecode.swift; path = Tests_iOS.swift; sourceTree = "<group>"; };
		FA59B68725FC280F00C7ABC8 /* Info.plist */ = {isa = PBXFileReference; lastKnownFileType = text.plist.xml; path = Info.plist; sourceTree = "<group>"; };
		FA59B6AD25FC287800C7ABC8 /* HexView.swift */ = {isa = PBXFileReference; lastKnownFileType = sourcecode.swift; path = HexView.swift; sourceTree = "<group>"; };
		FA59B6B825FC287F00C7ABC8 /* HexMapModel.swift */ = {isa = PBXFileReference; lastKnownFileType = sourcecode.swift; path = HexMapModel.swift; sourceTree = "<group>"; };
		FA59B6C825FC2A1600C7ABC8 /* MapService.swift */ = {isa = PBXFileReference; lastKnownFileType = sourcecode.swift; path = MapService.swift; sourceTree = "<group>"; };
		FA59B6E125FC2ACD00C7ABC8 /* IocConfig.swift */ = {isa = PBXFileReference; lastKnownFileType = sourcecode.swift; path = IocConfig.swift; sourceTree = "<group>"; };
		FA59B6EA25FC2B3A00C7ABC8 /* PServiceType.swift */ = {isa = PBXFileReference; lastKnownFileType = sourcecode.swift; path = PServiceType.swift; sourceTree = "<group>"; };
		FA59B6F125FC2C9600C7ABC8 /* maps */ = {isa = PBXFileReference; lastKnownFileType = folder; path = maps; sourceTree = "<group>"; };
		FA59B71C25FC314000C7ABC8 /* os_test_config.xcconfig */ = {isa = PBXFileReference; lastKnownFileType = text.xcconfig; path = os_test_config.xcconfig; sourceTree = "<group>"; };
		FA59B76E25FC33DE00C7ABC8 /* HexBattleTests.xctest */ = {isa = PBXFileReference; explicitFileType = wrapper.cfbundle; includeInIndex = 0; path = HexBattleTests.xctest; sourceTree = BUILT_PRODUCTS_DIR; };
		FA59B77025FC33DE00C7ABC8 /* HexBattleTests.swift */ = {isa = PBXFileReference; lastKnownFileType = sourcecode.swift; path = HexBattleTests.swift; sourceTree = "<group>"; };
		FA59B77225FC33DE00C7ABC8 /* Info.plist */ = {isa = PBXFileReference; lastKnownFileType = text.plist.xml; path = Info.plist; sourceTree = "<group>"; };
		FA59B77E25FC341800C7ABC8 /* MapServiceTests.swift */ = {isa = PBXFileReference; fileEncoding = 4; lastKnownFileType = sourcecode.swift; path = MapServiceTests.swift; sourceTree = "<group>"; };
/* End PBXFileReference section */

/* Begin PBXFrameworksBuildPhase section */
		FA59B66E25FC280F00C7ABC8 /* Frameworks */ = {
			isa = PBXFrameworksBuildPhase;
			buildActionMask = 2147483647;
			files = (
				FA59B6D525FC2A8400C7ABC8 /* Swinject in Frameworks */,
			);
			runOnlyForDeploymentPostprocessing = 0;
		};
		FA59B67625FC280F00C7ABC8 /* Frameworks */ = {
			isa = PBXFrameworksBuildPhase;
			buildActionMask = 2147483647;
			files = (
				FA59B6DC25FC2A8F00C7ABC8 /* Swinject in Frameworks */,
			);
			runOnlyForDeploymentPostprocessing = 0;
		};
		FA59B67E25FC280F00C7ABC8 /* Frameworks */ = {
			isa = PBXFrameworksBuildPhase;
			buildActionMask = 2147483647;
			files = (
			);
			runOnlyForDeploymentPostprocessing = 0;
		};
		FA59B76B25FC33DE00C7ABC8 /* Frameworks */ = {
			isa = PBXFrameworksBuildPhase;
			buildActionMask = 2147483647;
			files = (
			);
			runOnlyForDeploymentPostprocessing = 0;
		};
/* End PBXFrameworksBuildPhase section */

/* Begin PBXGroup section */
		FA59B66425FC280D00C7ABC8 = {
			isa = PBXGroup;
			children = (
				FA59B66925FC280E00C7ABC8 /* Shared */,
				FA59B67325FC280F00C7ABC8 /* iOS */,
				FA59B67A25FC280F00C7ABC8 /* macOS */,
				FA59B68425FC280F00C7ABC8 /* Tests iOS */,
				FA59B76F25FC33DE00C7ABC8 /* HexBattleTests */,
				FA59B67225FC280F00C7ABC8 /* Products */,
				FA59B6DA25FC2A8F00C7ABC8 /* Frameworks */,
			);
			sourceTree = "<group>";
		};
		FA59B66925FC280E00C7ABC8 /* Shared */ = {
			isa = PBXGroup;
			children = (
				FA59B6E825FC2B2900C7ABC8 /* Infrastructure */,
				FA59B6C725FC29EB00C7ABC8 /* Service */,
				FA59B6BF25FC292300C7ABC8 /* Resources */,
				FA59B6AB25FC286A00C7ABC8 /* Model */,
				FA59B6AC25FC286A00C7ABC8 /* View */,
				FA59B66A25FC280E00C7ABC8 /* HexBattleApp.swift */,
				FA59B66B25FC280E00C7ABC8 /* ContentView.swift */,
				FA59B66C25FC280F00C7ABC8 /* Assets.xcassets */,
			);
			path = Shared;
			sourceTree = "<group>";
		};
		FA59B67225FC280F00C7ABC8 /* Products */ = {
			isa = PBXGroup;
			children = (
				FA59B67125FC280F00C7ABC8 /* HexBattle.app */,
				FA59B67925FC280F00C7ABC8 /* HexBattle.app */,
				FA59B68125FC280F00C7ABC8 /* Tests iOS.xctest */,
				FA59B76E25FC33DE00C7ABC8 /* HexBattleTests.xctest */,
			);
			name = Products;
			sourceTree = "<group>";
		};
		FA59B67325FC280F00C7ABC8 /* iOS */ = {
			isa = PBXGroup;
			children = (
				FA59B67425FC280F00C7ABC8 /* Info.plist */,
			);
			path = iOS;
			sourceTree = "<group>";
		};
		FA59B67A25FC280F00C7ABC8 /* macOS */ = {
			isa = PBXGroup;
			children = (
				FA59B71B25FC314000C7ABC8 /* config */,
				FA59B67B25FC280F00C7ABC8 /* Info.plist */,
				FA59B67C25FC280F00C7ABC8 /* macOS.entitlements */,
			);
			path = macOS;
			sourceTree = "<group>";
		};
		FA59B68425FC280F00C7ABC8 /* Tests iOS */ = {
			isa = PBXGroup;
			children = (
				FA59B68525FC280F00C7ABC8 /* Tests_iOS.swift */,
				FA59B68725FC280F00C7ABC8 /* Info.plist */,
			);
			path = "Tests iOS";
			sourceTree = "<group>";
		};
		FA59B6AB25FC286A00C7ABC8 /* Model */ = {
			isa = PBXGroup;
			children = (
				FA59B6B825FC287F00C7ABC8 /* HexMapModel.swift */,
			);
			path = Model;
			sourceTree = "<group>";
		};
		FA59B6AC25FC286A00C7ABC8 /* View */ = {
			isa = PBXGroup;
			children = (
				FA59B6AD25FC287800C7ABC8 /* HexView.swift */,
			);
			path = View;
			sourceTree = "<group>";
		};
		FA59B6BF25FC292300C7ABC8 /* Resources */ = {
			isa = PBXGroup;
			children = (
				FA59B6F125FC2C9600C7ABC8 /* maps */,
			);
			path = Resources;
			sourceTree = "<group>";
		};
		FA59B6C725FC29EB00C7ABC8 /* Service */ = {
			isa = PBXGroup;
			children = (
				FA59B6C825FC2A1600C7ABC8 /* MapService.swift */,
				FA59B6E125FC2ACD00C7ABC8 /* IocConfig.swift */,
			);
			path = Service;
			sourceTree = "<group>";
		};
		FA59B6DA25FC2A8F00C7ABC8 /* Frameworks */ = {
			isa = PBXGroup;
			children = (
			);
			name = Frameworks;
			sourceTree = "<group>";
		};
		FA59B6E825FC2B2900C7ABC8 /* Infrastructure */ = {
			isa = PBXGroup;
			children = (
				FA59B6E925FC2B3300C7ABC8 /* Extensions */,
			);
			path = Infrastructure;
			sourceTree = "<group>";
		};
		FA59B6E925FC2B3300C7ABC8 /* Extensions */ = {
			isa = PBXGroup;
			children = (
				FA59B6EA25FC2B3A00C7ABC8 /* PServiceType.swift */,
			);
			path = Extensions;
			sourceTree = "<group>";
		};
		FA59B71B25FC314000C7ABC8 /* config */ = {
			isa = PBXGroup;
			children = (
				FA59B71C25FC314000C7ABC8 /* os_test_config.xcconfig */,
			);
			path = config;
			sourceTree = "<group>";
		};
		FA59B76F25FC33DE00C7ABC8 /* HexBattleTests */ = {
			isa = PBXGroup;
			children = (
				FA59B77D25FC341800C7ABC8 /* Service */,
				FA59B77025FC33DE00C7ABC8 /* HexBattleTests.swift */,
				FA59B77225FC33DE00C7ABC8 /* Info.plist */,
			);
			path = HexBattleTests;
			sourceTree = "<group>";
		};
		FA59B77D25FC341800C7ABC8 /* Service */ = {
			isa = PBXGroup;
			children = (
				FA59B77E25FC341800C7ABC8 /* MapServiceTests.swift */,
			);
			path = Service;
			sourceTree = "<group>";
		};
/* End PBXGroup section */

/* Begin PBXNativeTarget section */
		FA59B67025FC280F00C7ABC8 /* HexBattle (iOS) */ = {
			isa = PBXNativeTarget;
			buildConfigurationList = FA59B69B25FC280F00C7ABC8 /* Build configuration list for PBXNativeTarget "HexBattle (iOS)" */;
			buildPhases = (
				FA59B66D25FC280F00C7ABC8 /* Sources */,
				FA59B66E25FC280F00C7ABC8 /* Frameworks */,
				FA59B66F25FC280F00C7ABC8 /* Resources */,
			);
			buildRules = (
			);
			dependencies = (
			);
			name = "HexBattle (iOS)";
			packageProductDependencies = (
				FA59B6D425FC2A8400C7ABC8 /* Swinject */,
			);
			productName = "HexBattle (iOS)";
			productReference = FA59B67125FC280F00C7ABC8 /* HexBattle.app */;
			productType = "com.apple.product-type.application";
		};
		FA59B67825FC280F00C7ABC8 /* HexBattle (macOS) */ = {
			isa = PBXNativeTarget;
			buildConfigurationList = FA59B69E25FC280F00C7ABC8 /* Build configuration list for PBXNativeTarget "HexBattle (macOS)" */;
			buildPhases = (
				FA59B67525FC280F00C7ABC8 /* Sources */,
				FA59B67625FC280F00C7ABC8 /* Frameworks */,
				FA59B67725FC280F00C7ABC8 /* Resources */,
			);
			buildRules = (
			);
			dependencies = (
			);
			name = "HexBattle (macOS)";
			packageProductDependencies = (
				FA59B6DB25FC2A8F00C7ABC8 /* Swinject */,
			);
			productName = "HexBattle (macOS)";
			productReference = FA59B67925FC280F00C7ABC8 /* HexBattle.app */;
			productType = "com.apple.product-type.application";
		};
		FA59B68025FC280F00C7ABC8 /* Tests iOS */ = {
			isa = PBXNativeTarget;
			buildConfigurationList = FA59B6A125FC280F00C7ABC8 /* Build configuration list for PBXNativeTarget "Tests iOS" */;
			buildPhases = (
				FA59B67D25FC280F00C7ABC8 /* Sources */,
				FA59B67E25FC280F00C7ABC8 /* Frameworks */,
				FA59B67F25FC280F00C7ABC8 /* Resources */,
			);
			buildRules = (
			);
			dependencies = (
				FA59B68325FC280F00C7ABC8 /* PBXTargetDependency */,
			);
			name = "Tests iOS";
			productName = "Tests iOS";
			productReference = FA59B68125FC280F00C7ABC8 /* Tests iOS.xctest */;
			productType = "com.apple.product-type.bundle.ui-testing";
		};
		FA59B76D25FC33DE00C7ABC8 /* HexBattleTests */ = {
			isa = PBXNativeTarget;
			buildConfigurationList = FA59B77525FC33DE00C7ABC8 /* Build configuration list for PBXNativeTarget "HexBattleTests" */;
			buildPhases = (
				FA59B76A25FC33DE00C7ABC8 /* Sources */,
				FA59B76B25FC33DE00C7ABC8 /* Frameworks */,
				FA59B76C25FC33DE00C7ABC8 /* Resources */,
			);
			buildRules = (
			);
			dependencies = (
				FA59B77425FC33DE00C7ABC8 /* PBXTargetDependency */,
			);
			name = HexBattleTests;
			productName = HexBattleTests;
			productReference = FA59B76E25FC33DE00C7ABC8 /* HexBattleTests.xctest */;
			productType = "com.apple.product-type.bundle.unit-test";
		};
/* End PBXNativeTarget section */

/* Begin PBXProject section */
		FA59B66525FC280D00C7ABC8 /* Project object */ = {
			isa = PBXProject;
			attributes = {
				LastSwiftUpdateCheck = 1230;
				LastUpgradeCheck = 1230;
				TargetAttributes = {
					FA59B67025FC280F00C7ABC8 = {
						CreatedOnToolsVersion = 12.3;
					};
					FA59B67825FC280F00C7ABC8 = {
						CreatedOnToolsVersion = 12.3;
					};
					FA59B68025FC280F00C7ABC8 = {
						CreatedOnToolsVersion = 12.3;
						TestTargetID = FA59B67025FC280F00C7ABC8;
					};
					FA59B76D25FC33DE00C7ABC8 = {
						CreatedOnToolsVersion = 12.3;
						TestTargetID = FA59B67825FC280F00C7ABC8;
					};
				};
			};
			buildConfigurationList = FA59B66825FC280D00C7ABC8 /* Build configuration list for PBXProject "HexBattle" */;
			compatibilityVersion = "Xcode 9.3";
			developmentRegion = en;
			hasScannedForEncodings = 0;
			knownRegions = (
				en,
				Base,
			);
			mainGroup = FA59B66425FC280D00C7ABC8;
			packageReferences = (
				FA59B6D325FC2A8400C7ABC8 /* XCRemoteSwiftPackageReference "Swinject" */,
			);
			productRefGroup = FA59B67225FC280F00C7ABC8 /* Products */;
			projectDirPath = "";
			projectRoot = "";
			targets = (
				FA59B67025FC280F00C7ABC8 /* HexBattle (iOS) */,
				FA59B67825FC280F00C7ABC8 /* HexBattle (macOS) */,
				FA59B68025FC280F00C7ABC8 /* Tests iOS */,
				FA59B76D25FC33DE00C7ABC8 /* HexBattleTests */,
			);
		};
/* End PBXProject section */

/* Begin PBXResourcesBuildPhase section */
		FA59B66F25FC280F00C7ABC8 /* Resources */ = {
			isa = PBXResourcesBuildPhase;
			buildActionMask = 2147483647;
			files = (
				FA59B6F225FC2C9600C7ABC8 /* maps in Resources */,
				FA59B69725FC280F00C7ABC8 /* Assets.xcassets in Resources */,
			);
			runOnlyForDeploymentPostprocessing = 0;
		};
		FA59B67725FC280F00C7ABC8 /* Resources */ = {
			isa = PBXResourcesBuildPhase;
			buildActionMask = 2147483647;
			files = (
				FA59B6F325FC2C9600C7ABC8 /* maps in Resources */,
				FA59B69825FC280F00C7ABC8 /* Assets.xcassets in Resources */,
			);
			runOnlyForDeploymentPostprocessing = 0;
		};
		FA59B67F25FC280F00C7ABC8 /* Resources */ = {
			isa = PBXResourcesBuildPhase;
			buildActionMask = 2147483647;
			files = (
			);
			runOnlyForDeploymentPostprocessing = 0;
		};
		FA59B76C25FC33DE00C7ABC8 /* Resources */ = {
			isa = PBXResourcesBuildPhase;
			buildActionMask = 2147483647;
			files = (
			);
			runOnlyForDeploymentPostprocessing = 0;
		};
/* End PBXResourcesBuildPhase section */

/* Begin PBXSourcesBuildPhase section */
		FA59B66D25FC280F00C7ABC8 /* Sources */ = {
			isa = PBXSourcesBuildPhase;
			buildActionMask = 2147483647;
			files = (
				FA59B6C925FC2A1600C7ABC8 /* MapService.swift in Sources */,
				FA59B6E225FC2ACD00C7ABC8 /* IocConfig.swift in Sources */,
				FA59B6B925FC287F00C7ABC8 /* HexMapModel.swift in Sources */,
				FA59B6AE25FC287800C7ABC8 /* HexView.swift in Sources */,
				FA59B69525FC280F00C7ABC8 /* ContentView.swift in Sources */,
				FA59B6EB25FC2B3A00C7ABC8 /* PServiceType.swift in Sources */,
				FA59B69325FC280F00C7ABC8 /* HexBattleApp.swift in Sources */,
			);
			runOnlyForDeploymentPostprocessing = 0;
		};
		FA59B67525FC280F00C7ABC8 /* Sources */ = {
			isa = PBXSourcesBuildPhase;
			buildActionMask = 2147483647;
			files = (
				FA59B6CA25FC2A1600C7ABC8 /* MapService.swift in Sources */,
				FA59B6E325FC2ACD00C7ABC8 /* IocConfig.swift in Sources */,
				FA59B6BA25FC287F00C7ABC8 /* HexMapModel.swift in Sources */,
				FA59B6AF25FC287800C7ABC8 /* HexView.swift in Sources */,
				FA59B69625FC280F00C7ABC8 /* ContentView.swift in Sources */,
				FA59B6EC25FC2B3A00C7ABC8 /* PServiceType.swift in Sources */,
				FA59B69425FC280F00C7ABC8 /* HexBattleApp.swift in Sources */,
			);
			runOnlyForDeploymentPostprocessing = 0;
		};
		FA59B67D25FC280F00C7ABC8 /* Sources */ = {
			isa = PBXSourcesBuildPhase;
			buildActionMask = 2147483647;
			files = (
				FA59B68625FC280F00C7ABC8 /* Tests_iOS.swift in Sources */,
			);
			runOnlyForDeploymentPostprocessing = 0;
		};
		FA59B76A25FC33DE00C7ABC8 /* Sources */ = {
			isa = PBXSourcesBuildPhase;
			buildActionMask = 2147483647;
			files = (
				FA59B77F25FC341800C7ABC8 /* MapServiceTests.swift in Sources */,
				FA59B77125FC33DE00C7ABC8 /* HexBattleTests.swift in Sources */,
			);
			runOnlyForDeploymentPostprocessing = 0;
		};
/* End PBXSourcesBuildPhase section */

/* Begin PBXTargetDependency section */
		FA59B68325FC280F00C7ABC8 /* PBXTargetDependency */ = {
			isa = PBXTargetDependency;
			target = FA59B67025FC280F00C7ABC8 /* HexBattle (iOS) */;
			targetProxy = FA59B68225FC280F00C7ABC8 /* PBXContainerItemProxy */;
		};
		FA59B77425FC33DE00C7ABC8 /* PBXTargetDependency */ = {
			isa = PBXTargetDependency;
			target = FA59B67825FC280F00C7ABC8 /* HexBattle (macOS) */;
			targetProxy = FA59B77325FC33DE00C7ABC8 /* PBXContainerItemProxy */;
		};
/* End PBXTargetDependency section */

/* Begin XCBuildConfiguration section */
		FA59B69925FC280F00C7ABC8 /* Debug */ = {
			isa = XCBuildConfiguration;
			buildSettings = {
				ALWAYS_SEARCH_USER_PATHS = NO;
				CLANG_ANALYZER_NONNULL = YES;
				CLANG_ANALYZER_NUMBER_OBJECT_CONVERSION = YES_AGGRESSIVE;
				CLANG_CXX_LANGUAGE_STANDARD = "gnu++14";
				CLANG_CXX_LIBRARY = "libc++";
				CLANG_ENABLE_MODULES = YES;
				CLANG_ENABLE_OBJC_ARC = YES;
				CLANG_ENABLE_OBJC_WEAK = YES;
				CLANG_WARN_BLOCK_CAPTURE_AUTORELEASING = YES;
				CLANG_WARN_BOOL_CONVERSION = YES;
				CLANG_WARN_COMMA = YES;
				CLANG_WARN_CONSTANT_CONVERSION = YES;
				CLANG_WARN_DEPRECATED_OBJC_IMPLEMENTATIONS = YES;
				CLANG_WARN_DIRECT_OBJC_ISA_USAGE = YES_ERROR;
				CLANG_WARN_DOCUMENTATION_COMMENTS = YES;
				CLANG_WARN_EMPTY_BODY = YES;
				CLANG_WARN_ENUM_CONVERSION = YES;
				CLANG_WARN_INFINITE_RECURSION = YES;
				CLANG_WARN_INT_CONVERSION = YES;
				CLANG_WARN_NON_LITERAL_NULL_CONVERSION = YES;
				CLANG_WARN_OBJC_IMPLICIT_RETAIN_SELF = YES;
				CLANG_WARN_OBJC_LITERAL_CONVERSION = YES;
				CLANG_WARN_OBJC_ROOT_CLASS = YES_ERROR;
				CLANG_WARN_QUOTED_INCLUDE_IN_FRAMEWORK_HEADER = YES;
				CLANG_WARN_RANGE_LOOP_ANALYSIS = YES;
				CLANG_WARN_STRICT_PROTOTYPES = YES;
				CLANG_WARN_SUSPICIOUS_MOVE = YES;
				CLANG_WARN_UNGUARDED_AVAILABILITY = YES_AGGRESSIVE;
				CLANG_WARN_UNREACHABLE_CODE = YES;
				CLANG_WARN__DUPLICATE_METHOD_MATCH = YES;
				COPY_PHASE_STRIP = NO;
				DEBUG_INFORMATION_FORMAT = dwarf;
				ENABLE_STRICT_OBJC_MSGSEND = YES;
				ENABLE_TESTABILITY = YES;
				GCC_C_LANGUAGE_STANDARD = gnu11;
				GCC_DYNAMIC_NO_PIC = NO;
				GCC_NO_COMMON_BLOCKS = YES;
				GCC_OPTIMIZATION_LEVEL = 0;
				GCC_PREPROCESSOR_DEFINITIONS = (
					"DEBUG=1",
					"$(inherited)",
				);
				GCC_WARN_64_TO_32_BIT_CONVERSION = YES;
				GCC_WARN_ABOUT_RETURN_TYPE = YES_ERROR;
				GCC_WARN_UNDECLARED_SELECTOR = YES;
				GCC_WARN_UNINITIALIZED_AUTOS = YES_AGGRESSIVE;
				GCC_WARN_UNUSED_FUNCTION = YES;
				GCC_WARN_UNUSED_VARIABLE = YES;
				MTL_ENABLE_DEBUG_INFO = INCLUDE_SOURCE;
				MTL_FAST_MATH = YES;
				ONLY_ACTIVE_ARCH = YES;
				SWIFT_ACTIVE_COMPILATION_CONDITIONS = DEBUG;
				SWIFT_OPTIMIZATION_LEVEL = "-Onone";
			};
			name = Debug;
		};
		FA59B69A25FC280F00C7ABC8 /* Release */ = {
			isa = XCBuildConfiguration;
			buildSettings = {
				ALWAYS_SEARCH_USER_PATHS = NO;
				CLANG_ANALYZER_NONNULL = YES;
				CLANG_ANALYZER_NUMBER_OBJECT_CONVERSION = YES_AGGRESSIVE;
				CLANG_CXX_LANGUAGE_STANDARD = "gnu++14";
				CLANG_CXX_LIBRARY = "libc++";
				CLANG_ENABLE_MODULES = YES;
				CLANG_ENABLE_OBJC_ARC = YES;
				CLANG_ENABLE_OBJC_WEAK = YES;
				CLANG_WARN_BLOCK_CAPTURE_AUTORELEASING = YES;
				CLANG_WARN_BOOL_CONVERSION = YES;
				CLANG_WARN_COMMA = YES;
				CLANG_WARN_CONSTANT_CONVERSION = YES;
				CLANG_WARN_DEPRECATED_OBJC_IMPLEMENTATIONS = YES;
				CLANG_WARN_DIRECT_OBJC_ISA_USAGE = YES_ERROR;
				CLANG_WARN_DOCUMENTATION_COMMENTS = YES;
				CLANG_WARN_EMPTY_BODY = YES;
				CLANG_WARN_ENUM_CONVERSION = YES;
				CLANG_WARN_INFINITE_RECURSION = YES;
				CLANG_WARN_INT_CONVERSION = YES;
				CLANG_WARN_NON_LITERAL_NULL_CONVERSION = YES;
				CLANG_WARN_OBJC_IMPLICIT_RETAIN_SELF = YES;
				CLANG_WARN_OBJC_LITERAL_CONVERSION = YES;
				CLANG_WARN_OBJC_ROOT_CLASS = YES_ERROR;
				CLANG_WARN_QUOTED_INCLUDE_IN_FRAMEWORK_HEADER = YES;
				CLANG_WARN_RANGE_LOOP_ANALYSIS = YES;
				CLANG_WARN_STRICT_PROTOTYPES = YES;
				CLANG_WARN_SUSPICIOUS_MOVE = YES;
				CLANG_WARN_UNGUARDED_AVAILABILITY = YES_AGGRESSIVE;
				CLANG_WARN_UNREACHABLE_CODE = YES;
				CLANG_WARN__DUPLICATE_METHOD_MATCH = YES;
				COPY_PHASE_STRIP = NO;
				DEBUG_INFORMATION_FORMAT = "dwarf-with-dsym";
				ENABLE_NS_ASSERTIONS = NO;
				ENABLE_STRICT_OBJC_MSGSEND = YES;
				GCC_C_LANGUAGE_STANDARD = gnu11;
				GCC_NO_COMMON_BLOCKS = YES;
				GCC_WARN_64_TO_32_BIT_CONVERSION = YES;
				GCC_WARN_ABOUT_RETURN_TYPE = YES_ERROR;
				GCC_WARN_UNDECLARED_SELECTOR = YES;
				GCC_WARN_UNINITIALIZED_AUTOS = YES_AGGRESSIVE;
				GCC_WARN_UNUSED_FUNCTION = YES;
				GCC_WARN_UNUSED_VARIABLE = YES;
				MTL_ENABLE_DEBUG_INFO = NO;
				MTL_FAST_MATH = YES;
				SWIFT_COMPILATION_MODE = wholemodule;
				SWIFT_OPTIMIZATION_LEVEL = "-O";
			};
			name = Release;
		};
		FA59B69C25FC280F00C7ABC8 /* Debug */ = {
			isa = XCBuildConfiguration;
			buildSettings = {
				ASSETCATALOG_COMPILER_APPICON_NAME = AppIcon;
				ASSETCATALOG_COMPILER_GLOBAL_ACCENT_COLOR_NAME = AccentColor;
				CODE_SIGN_STYLE = Automatic;
				DEVELOPMENT_TEAM = X4S6MUZL2D;
				ENABLE_PREVIEWS = YES;
				INFOPLIST_FILE = iOS/Info.plist;
				IPHONEOS_DEPLOYMENT_TARGET = 14.0;
				LD_RUNPATH_SEARCH_PATHS = (
					"$(inherited)",
					"@executable_path/Frameworks",
				);
				PRODUCT_BUNDLE_IDENTIFIER = com.skorulis.HexBattle;
				PRODUCT_NAME = HexBattle;
				SDKROOT = iphoneos;
				SWIFT_VERSION = 5.0;
				TARGETED_DEVICE_FAMILY = "1,2";
			};
			name = Debug;
		};
		FA59B69D25FC280F00C7ABC8 /* Release */ = {
			isa = XCBuildConfiguration;
			buildSettings = {
				ASSETCATALOG_COMPILER_APPICON_NAME = AppIcon;
				ASSETCATALOG_COMPILER_GLOBAL_ACCENT_COLOR_NAME = AccentColor;
				CODE_SIGN_STYLE = Automatic;
				DEVELOPMENT_TEAM = X4S6MUZL2D;
				ENABLE_PREVIEWS = YES;
				INFOPLIST_FILE = iOS/Info.plist;
				IPHONEOS_DEPLOYMENT_TARGET = 14.0;
				LD_RUNPATH_SEARCH_PATHS = (
					"$(inherited)",
					"@executable_path/Frameworks",
				);
				PRODUCT_BUNDLE_IDENTIFIER = com.skorulis.HexBattle;
				PRODUCT_NAME = HexBattle;
				SDKROOT = iphoneos;
				SWIFT_VERSION = 5.0;
				TARGETED_DEVICE_FAMILY = "1,2";
				VALIDATE_PRODUCT = YES;
			};
			name = Release;
		};
		FA59B69F25FC280F00C7ABC8 /* Debug */ = {
			isa = XCBuildConfiguration;
			buildSettings = {
				ASSETCATALOG_COMPILER_APPICON_NAME = AppIcon;
				ASSETCATALOG_COMPILER_GLOBAL_ACCENT_COLOR_NAME = AccentColor;
				CODE_SIGN_ENTITLEMENTS = macOS/macOS.entitlements;
				CODE_SIGN_STYLE = Automatic;
				COMBINE_HIDPI_IMAGES = YES;
				DEVELOPMENT_TEAM = X4S6MUZL2D;
				ENABLE_HARDENED_RUNTIME = YES;
				ENABLE_PREVIEWS = YES;
				INFOPLIST_FILE = macOS/Info.plist;
				LD_RUNPATH_SEARCH_PATHS = (
					"$(inherited)",
					"@executable_path/../Frameworks",
				);
				MACOSX_DEPLOYMENT_TARGET = 11.0;
				PRODUCT_BUNDLE_IDENTIFIER = com.skorulis.HexBattle;
				PRODUCT_NAME = HexBattle;
				SDKROOT = macosx;
				SWIFT_VERSION = 5.0;
			};
			name = Debug;
		};
		FA59B6A025FC280F00C7ABC8 /* Release */ = {
			isa = XCBuildConfiguration;
			buildSettings = {
				ASSETCATALOG_COMPILER_APPICON_NAME = AppIcon;
				ASSETCATALOG_COMPILER_GLOBAL_ACCENT_COLOR_NAME = AccentColor;
				CODE_SIGN_ENTITLEMENTS = macOS/macOS.entitlements;
				CODE_SIGN_STYLE = Automatic;
				COMBINE_HIDPI_IMAGES = YES;
				DEVELOPMENT_TEAM = X4S6MUZL2D;
				ENABLE_HARDENED_RUNTIME = YES;
				ENABLE_PREVIEWS = YES;
				INFOPLIST_FILE = macOS/Info.plist;
				LD_RUNPATH_SEARCH_PATHS = (
					"$(inherited)",
					"@executable_path/../Frameworks",
				);
				MACOSX_DEPLOYMENT_TARGET = 11.0;
				PRODUCT_BUNDLE_IDENTIFIER = com.skorulis.HexBattle;
				PRODUCT_NAME = HexBattle;
				SDKROOT = macosx;
				SWIFT_VERSION = 5.0;
			};
			name = Release;
		};
		FA59B6A225FC280F00C7ABC8 /* Debug */ = {
			isa = XCBuildConfiguration;
			buildSettings = {
				ALWAYS_EMBED_SWIFT_STANDARD_LIBRARIES = YES;
				CODE_SIGN_STYLE = Automatic;
				DEVELOPMENT_TEAM = X4S6MUZL2D;
				INFOPLIST_FILE = "Tests iOS/Info.plist";
				IPHONEOS_DEPLOYMENT_TARGET = 14.3;
				LD_RUNPATH_SEARCH_PATHS = (
					"$(inherited)",
					"@executable_path/Frameworks",
					"@loader_path/Frameworks",
				);
				PRODUCT_BUNDLE_IDENTIFIER = "com.skorulis.Tests-iOS";
				PRODUCT_NAME = "$(TARGET_NAME)";
				SDKROOT = iphoneos;
				SWIFT_VERSION = 5.0;
				TARGETED_DEVICE_FAMILY = "1,2";
				TEST_TARGET_NAME = "HexBattle (iOS)";
			};
			name = Debug;
		};
		FA59B6A325FC280F00C7ABC8 /* Release */ = {
			isa = XCBuildConfiguration;
			buildSettings = {
				ALWAYS_EMBED_SWIFT_STANDARD_LIBRARIES = YES;
				CODE_SIGN_STYLE = Automatic;
				DEVELOPMENT_TEAM = X4S6MUZL2D;
				INFOPLIST_FILE = "Tests iOS/Info.plist";
				IPHONEOS_DEPLOYMENT_TARGET = 14.3;
				LD_RUNPATH_SEARCH_PATHS = (
					"$(inherited)",
					"@executable_path/Frameworks",
					"@loader_path/Frameworks",
				);
				PRODUCT_BUNDLE_IDENTIFIER = "com.skorulis.Tests-iOS";
				PRODUCT_NAME = "$(TARGET_NAME)";
				SDKROOT = iphoneos;
				SWIFT_VERSION = 5.0;
				TARGETED_DEVICE_FAMILY = "1,2";
				TEST_TARGET_NAME = "HexBattle (iOS)";
				VALIDATE_PRODUCT = YES;
			};
			name = Release;
		};
		FA59B77625FC33DE00C7ABC8 /* Debug */ = {
			isa = XCBuildConfiguration;
			buildSettings = {
				BUNDLE_LOADER = "$(TEST_HOST)";
				CODE_SIGN_STYLE = Automatic;
				COMBINE_HIDPI_IMAGES = YES;
				DEVELOPMENT_TEAM = X4S6MUZL2D;
				INFOPLIST_FILE = HexBattleTests/Info.plist;
				LD_RUNPATH_SEARCH_PATHS = (
					"$(inherited)",
					"@executable_path/../Frameworks",
					"@loader_path/../Frameworks",
				);
				MACOSX_DEPLOYMENT_TARGET = 11.1;
				PRODUCT_BUNDLE_IDENTIFIER = com.skorulis.HexBattleTests;
				PRODUCT_NAME = "$(TARGET_NAME)";
				SDKROOT = macosx;
				SWIFT_VERSION = 5.0;
				TEST_HOST = "$(BUILT_PRODUCTS_DIR)/HexBattle.app/Contents/MacOS/HexBattle";
			};
			name = Debug;
		};
		FA59B77725FC33DE00C7ABC8 /* Release */ = {
			isa = XCBuildConfiguration;
			buildSettings = {
				BUNDLE_LOADER = "$(TEST_HOST)";
				CODE_SIGN_STYLE = Automatic;
				COMBINE_HIDPI_IMAGES = YES;
				DEVELOPMENT_TEAM = X4S6MUZL2D;
				INFOPLIST_FILE = HexBattleTests/Info.plist;
				LD_RUNPATH_SEARCH_PATHS = (
					"$(inherited)",
					"@executable_path/../Frameworks",
					"@loader_path/../Frameworks",
				);
				MACOSX_DEPLOYMENT_TARGET = 11.1;
				PRODUCT_BUNDLE_IDENTIFIER = com.skorulis.HexBattleTests;
				PRODUCT_NAME = "$(TARGET_NAME)";
				SDKROOT = macosx;
				SWIFT_VERSION = 5.0;
				TEST_HOST = "$(BUILT_PRODUCTS_DIR)/HexBattle.app/Contents/MacOS/HexBattle";
			};
			name = Release;
		};
/* End XCBuildConfiguration section */

/* Begin XCConfigurationList section */
		FA59B66825FC280D00C7ABC8 /* Build configuration list for PBXProject "HexBattle" */ = {
			isa = XCConfigurationList;
			buildConfigurations = (
				FA59B69925FC280F00C7ABC8 /* Debug */,
				FA59B69A25FC280F00C7ABC8 /* Release */,
			);
			defaultConfigurationIsVisible = 0;
			defaultConfigurationName = Release;
		};
		FA59B69B25FC280F00C7ABC8 /* Build configuration list for PBXNativeTarget "HexBattle (iOS)" */ = {
			isa = XCConfigurationList;
			buildConfigurations = (
				FA59B69C25FC280F00C7ABC8 /* Debug */,
				FA59B69D25FC280F00C7ABC8 /* Release */,
			);
			defaultConfigurationIsVisible = 0;
			defaultConfigurationName = Release;
		};
		FA59B69E25FC280F00C7ABC8 /* Build configuration list for PBXNativeTarget "HexBattle (macOS)" */ = {
			isa = XCConfigurationList;
			buildConfigurations = (
				FA59B69F25FC280F00C7ABC8 /* Debug */,
				FA59B6A025FC280F00C7ABC8 /* Release */,
			);
			defaultConfigurationIsVisible = 0;
			defaultConfigurationName = Release;
		};
		FA59B6A125FC280F00C7ABC8 /* Build configuration list for PBXNativeTarget "Tests iOS" */ = {
			isa = XCConfigurationList;
			buildConfigurations = (
				FA59B6A225FC280F00C7ABC8 /* Debug */,
				FA59B6A325FC280F00C7ABC8 /* Release */,
			);
			defaultConfigurationIsVisible = 0;
			defaultConfigurationName = Release;
		};
		FA59B77525FC33DE00C7ABC8 /* Build configuration list for PBXNativeTarget "HexBattleTests" */ = {
			isa = XCConfigurationList;
			buildConfigurations = (
				FA59B77625FC33DE00C7ABC8 /* Debug */,
				FA59B77725FC33DE00C7ABC8 /* Release */,
			);
			defaultConfigurationIsVisible = 0;
			defaultConfigurationName = Release;
		};
/* End XCConfigurationList section */

/* Begin XCRemoteSwiftPackageReference section */
		FA59B6D325FC2A8400C7ABC8 /* XCRemoteSwiftPackageReference "Swinject" */ = {
			isa = XCRemoteSwiftPackageReference;
			repositoryURL = "git@github.com:Swinject/Swinject.git";
			requirement = {
				kind = upToNextMajorVersion;
				minimumVersion = 2.7.1;
			};
		};
/* End XCRemoteSwiftPackageReference section */

/* Begin XCSwiftPackageProductDependency section */
		FA59B6D425FC2A8400C7ABC8 /* Swinject */ = {
			isa = XCSwiftPackageProductDependency;
			package = FA59B6D325FC2A8400C7ABC8 /* XCRemoteSwiftPackageReference "Swinject" */;
			productName = Swinject;
		};
		FA59B6DB25FC2A8F00C7ABC8 /* Swinject */ = {
			isa = XCSwiftPackageProductDependency;
			package = FA59B6D325FC2A8400C7ABC8 /* XCRemoteSwiftPackageReference "Swinject" */;
			productName = Swinject;
		};
/* End XCSwiftPackageProductDependency section */
	};
	rootObject = FA59B66525FC280D00C7ABC8 /* Project object */;
}
