// !$*UTF8*$!
{
	archiveVersion = 1;
	classes = {
	};
	objectVersion = 52;
	objects = {

/* Begin PBXBuildFile section */
		FA59B68625FC280F00C7ABC8 /* Tests_iOS.swift in Sources */ = {isa = PBXBuildFile; fileRef = FA59B68525FC280F00C7ABC8 /* Tests_iOS.swift */; };
		FA59B69725FC280F00C7ABC8 /* Assets.xcassets in Resources */ = {isa = PBXBuildFile; fileRef = FA59B66C25FC280F00C7ABC8 /* Assets.xcassets */; };
		FA59B69825FC280F00C7ABC8 /* Assets.xcassets in Resources */ = {isa = PBXBuildFile; fileRef = FA59B66C25FC280F00C7ABC8 /* Assets.xcassets */; };
		FA59B6B925FC287F00C7ABC8 /* HexMapModel.swift in Sources */ = {isa = PBXBuildFile; fileRef = FA59B6B825FC287F00C7ABC8 /* HexMapModel.swift */; };
		FA59B6BA25FC287F00C7ABC8 /* HexMapModel.swift in Sources */ = {isa = PBXBuildFile; fileRef = FA59B6B825FC287F00C7ABC8 /* HexMapModel.swift */; };
		FA59B6C925FC2A1600C7ABC8 /* MapService.swift in Sources */ = {isa = PBXBuildFile; fileRef = FA59B6C825FC2A1600C7ABC8 /* MapService.swift */; };
		FA59B6CA25FC2A1600C7ABC8 /* MapService.swift in Sources */ = {isa = PBXBuildFile; fileRef = FA59B6C825FC2A1600C7ABC8 /* MapService.swift */; };
		FA59B6D525FC2A8400C7ABC8 /* Swinject in Frameworks */ = {isa = PBXBuildFile; productRef = FA59B6D425FC2A8400C7ABC8 /* Swinject */; };
		FA59B6DC25FC2A8F00C7ABC8 /* Swinject in Frameworks */ = {isa = PBXBuildFile; productRef = FA59B6DB25FC2A8F00C7ABC8 /* Swinject */; };
		FA59B6E225FC2ACD00C7ABC8 /* IOCConfig.swift in Sources */ = {isa = PBXBuildFile; fileRef = FA59B6E125FC2ACD00C7ABC8 /* IOCConfig.swift */; };
		FA59B6E325FC2ACD00C7ABC8 /* IOCConfig.swift in Sources */ = {isa = PBXBuildFile; fileRef = FA59B6E125FC2ACD00C7ABC8 /* IOCConfig.swift */; };
		FA59B6EB25FC2B3A00C7ABC8 /* PServiceType.swift in Sources */ = {isa = PBXBuildFile; fileRef = FA59B6EA25FC2B3A00C7ABC8 /* PServiceType.swift */; };
		FA59B6EC25FC2B3A00C7ABC8 /* PServiceType.swift in Sources */ = {isa = PBXBuildFile; fileRef = FA59B6EA25FC2B3A00C7ABC8 /* PServiceType.swift */; };
		FA59B6F225FC2C9600C7ABC8 /* maps in Resources */ = {isa = PBXBuildFile; fileRef = FA59B6F125FC2C9600C7ABC8 /* maps */; };
		FA59B6F325FC2C9600C7ABC8 /* maps in Resources */ = {isa = PBXBuildFile; fileRef = FA59B6F125FC2C9600C7ABC8 /* maps */; };
		FA59B77125FC33DE00C7ABC8 /* HexBattleTests.swift in Sources */ = {isa = PBXBuildFile; fileRef = FA59B77025FC33DE00C7ABC8 /* HexBattleTests.swift */; };
		FA59B77F25FC341800C7ABC8 /* MapServiceTests.swift in Sources */ = {isa = PBXBuildFile; fileRef = FA59B77E25FC341800C7ABC8 /* MapServiceTests.swift */; };
		FA59B7EC25FC43C200C7ABC8 /* Color+Neumorphic.swift in Sources */ = {isa = PBXBuildFile; fileRef = FA59B7EB25FC43C200C7ABC8 /* Color+Neumorphic.swift */; };
		FA59B7ED25FC43C200C7ABC8 /* Color+Neumorphic.swift in Sources */ = {isa = PBXBuildFile; fileRef = FA59B7EB25FC43C200C7ABC8 /* Color+Neumorphic.swift */; };
		FA59B7F325FC462700C7ABC8 /* LinearGradient+Neumorphic.swift in Sources */ = {isa = PBXBuildFile; fileRef = FA59B7F225FC462700C7ABC8 /* LinearGradient+Neumorphic.swift */; };
		FA59B7F425FC462700C7ABC8 /* LinearGradient+Neumorphic.swift in Sources */ = {isa = PBXBuildFile; fileRef = FA59B7F225FC462700C7ABC8 /* LinearGradient+Neumorphic.swift */; };
		FAAF28792601F7AE009B91BE /* MapError.swift in Sources */ = {isa = PBXBuildFile; fileRef = FAAF28782601F7AE009B91BE /* MapError.swift */; };
		FAAF287A2601F7AE009B91BE /* MapError.swift in Sources */ = {isa = PBXBuildFile; fileRef = FAAF28782601F7AE009B91BE /* MapError.swift */; };
		FAC16D7025FC4A44004238EC /* HexMapState.swift in Sources */ = {isa = PBXBuildFile; fileRef = FAC16D6F25FC4A44004238EC /* HexMapState.swift */; };
		FAC16D7125FC4A44004238EC /* HexMapState.swift in Sources */ = {isa = PBXBuildFile; fileRef = FAC16D6F25FC4A44004238EC /* HexMapState.swift */; };
		FAC16D7725FC4B33004238EC /* NodeType.swift in Sources */ = {isa = PBXBuildFile; fileRef = FAC16D7625FC4B33004238EC /* NodeType.swift */; };
		FAC16D7825FC4B33004238EC /* NodeType.swift in Sources */ = {isa = PBXBuildFile; fileRef = FAC16D7625FC4B33004238EC /* NodeType.swift */; };
		FAC16D8D25FC57C4004238EC /* HexMapNodeViewModelTests.swift in Sources */ = {isa = PBXBuildFile; fileRef = FAC16D8C25FC57C4004238EC /* HexMapNodeViewModelTests.swift */; };
		FAC16DA425FC5D14004238EC /* PlayerModel.swift in Sources */ = {isa = PBXBuildFile; fileRef = FAC16D9625FC5CC4004238EC /* PlayerModel.swift */; };
		FAC16DA925FC5D15004238EC /* PlayerModel.swift in Sources */ = {isa = PBXBuildFile; fileRef = FAC16D9625FC5CC4004238EC /* PlayerModel.swift */; };
		FAC16DD625FC753C004238EC /* GameStateService.swift in Sources */ = {isa = PBXBuildFile; fileRef = FAC16DD525FC753C004238EC /* GameStateService.swift */; };
		FAC16DD725FC753C004238EC /* GameStateService.swift in Sources */ = {isa = PBXBuildFile; fileRef = FAC16DD525FC753C004238EC /* GameStateService.swift */; };
		FAC16DDD25FC8022004238EC /* GameStateServiceTests.swift in Sources */ = {isa = PBXBuildFile; fileRef = FAC16DDC25FC8022004238EC /* GameStateServiceTests.swift */; };
		FAC16DFF25FC8EBA004238EC /* AppStateService.swift in Sources */ = {isa = PBXBuildFile; fileRef = FAC16DFE25FC8EB9004238EC /* AppStateService.swift */; };
		FAC16E0025FC8EBA004238EC /* AppStateService.swift in Sources */ = {isa = PBXBuildFile; fileRef = FAC16DFE25FC8EB9004238EC /* AppStateService.swift */; };
		FAC16E2525FCA41A004238EC /* Color+Extensions.swift in Sources */ = {isa = PBXBuildFile; fileRef = FAC16E2425FCA41A004238EC /* Color+Extensions.swift */; };
		FAC16E2625FCA41A004238EC /* Color+Extensions.swift in Sources */ = {isa = PBXBuildFile; fileRef = FAC16E2425FCA41A004238EC /* Color+Extensions.swift */; };
		FAC16E3925FCB139004238EC /* ColorTests.swift in Sources */ = {isa = PBXBuildFile; fileRef = FAC16E3825FCB139004238EC /* ColorTests.swift */; };
		FAC16E5925FD720C004238EC /* AppCoordinator.swift in Sources */ = {isa = PBXBuildFile; fileRef = FAC16E4825FD720C004238EC /* AppCoordinator.swift */; };
		FAC16E5A25FD720C004238EC /* AppCoordinator.swift in Sources */ = {isa = PBXBuildFile; fileRef = FAC16E4825FD720C004238EC /* AppCoordinator.swift */; };
		FAC16E5B25FD720C004238EC /* AppCoordinatorView.swift in Sources */ = {isa = PBXBuildFile; fileRef = FAC16E4925FD720C004238EC /* AppCoordinatorView.swift */; };
		FAC16E5C25FD720C004238EC /* AppCoordinatorView.swift in Sources */ = {isa = PBXBuildFile; fileRef = FAC16E4925FD720C004238EC /* AppCoordinatorView.swift */; };
		FAC16E5D25FD720C004238EC /* GameView.swift in Sources */ = {isa = PBXBuildFile; fileRef = FAC16E4B25FD720C004238EC /* GameView.swift */; };
		FAC16E5E25FD720C004238EC /* GameView.swift in Sources */ = {isa = PBXBuildFile; fileRef = FAC16E4B25FD720C004238EC /* GameView.swift */; };
		FAC16E5F25FD720C004238EC /* GameViewModel.swift in Sources */ = {isa = PBXBuildFile; fileRef = FAC16E4C25FD720C004238EC /* GameViewModel.swift */; };
		FAC16E6025FD720C004238EC /* GameViewModel.swift in Sources */ = {isa = PBXBuildFile; fileRef = FAC16E4C25FD720C004238EC /* GameViewModel.swift */; };
		FAC16E6125FD720C004238EC /* RenderConstants.swift in Sources */ = {isa = PBXBuildFile; fileRef = FAC16E4E25FD720C004238EC /* RenderConstants.swift */; };
		FAC16E6225FD720C004238EC /* RenderConstants.swift in Sources */ = {isa = PBXBuildFile; fileRef = FAC16E4E25FD720C004238EC /* RenderConstants.swift */; };
		FAC16E6325FD720C004238EC /* MapViewModel.swift in Sources */ = {isa = PBXBuildFile; fileRef = FAC16E5025FD720C004238EC /* MapViewModel.swift */; };
		FAC16E6425FD720C004238EC /* MapViewModel.swift in Sources */ = {isa = PBXBuildFile; fileRef = FAC16E5025FD720C004238EC /* MapViewModel.swift */; };
		FAC16E6525FD720C004238EC /* TerritoryBorder.swift in Sources */ = {isa = PBXBuildFile; fileRef = FAC16E5125FD720C004238EC /* TerritoryBorder.swift */; };
		FAC16E6625FD720C004238EC /* TerritoryBorder.swift in Sources */ = {isa = PBXBuildFile; fileRef = FAC16E5125FD720C004238EC /* TerritoryBorder.swift */; };
		FAC16E6725FD720C004238EC /* HexMapModel+ViewModel.swift in Sources */ = {isa = PBXBuildFile; fileRef = FAC16E5225FD720C004238EC /* HexMapModel+ViewModel.swift */; };
		FAC16E6825FD720C004238EC /* HexMapModel+ViewModel.swift in Sources */ = {isa = PBXBuildFile; fileRef = FAC16E5225FD720C004238EC /* HexMapModel+ViewModel.swift */; };
		FAC16E6925FD720C004238EC /* MapView.swift in Sources */ = {isa = PBXBuildFile; fileRef = FAC16E5325FD720C004238EC /* MapView.swift */; };
		FAC16E6A25FD720C004238EC /* MapView.swift in Sources */ = {isa = PBXBuildFile; fileRef = FAC16E5325FD720C004238EC /* MapView.swift */; };
		FAC16E6B25FD720C004238EC /* MapNodeView.swift in Sources */ = {isa = PBXBuildFile; fileRef = FAC16E5525FD720C004238EC /* MapNodeView.swift */; };
		FAC16E6C25FD720C004238EC /* MapNodeView.swift in Sources */ = {isa = PBXBuildFile; fileRef = FAC16E5525FD720C004238EC /* MapNodeView.swift */; };
		FAC16E6D25FD720C004238EC /* LevelSelectionView.swift in Sources */ = {isa = PBXBuildFile; fileRef = FAC16E5725FD720C004238EC /* LevelSelectionView.swift */; };
		FAC16E6E25FD720C004238EC /* LevelSelectionView.swift in Sources */ = {isa = PBXBuildFile; fileRef = FAC16E5725FD720C004238EC /* LevelSelectionView.swift */; };
		FAC16E6F25FD720C004238EC /* LevelSelectionViewModel.swift in Sources */ = {isa = PBXBuildFile; fileRef = FAC16E5825FD720C004238EC /* LevelSelectionViewModel.swift */; };
		FAC16E7025FD720C004238EC /* LevelSelectionViewModel.swift in Sources */ = {isa = PBXBuildFile; fileRef = FAC16E5825FD720C004238EC /* LevelSelectionViewModel.swift */; };
		FAC16E7725FD722D004238EC /* ContentView.swift in Sources */ = {isa = PBXBuildFile; fileRef = FAC16E7525FD722D004238EC /* ContentView.swift */; };
		FAC16E7825FD722D004238EC /* ContentView.swift in Sources */ = {isa = PBXBuildFile; fileRef = FAC16E7525FD722D004238EC /* ContentView.swift */; };
		FAC16E7925FD722D004238EC /* HexBattleApp.swift in Sources */ = {isa = PBXBuildFile; fileRef = FAC16E7625FD722D004238EC /* HexBattleApp.swift */; };
		FAC16E7A25FD722D004238EC /* HexBattleApp.swift in Sources */ = {isa = PBXBuildFile; fileRef = FAC16E7625FD722D004238EC /* HexBattleApp.swift */; };
		FAC16E8825FD7756004238EC /* RoundButton.swift in Sources */ = {isa = PBXBuildFile; fileRef = FAC16E8725FD7756004238EC /* RoundButton.swift */; };
		FAC16E8925FD7756004238EC /* RoundButton.swift in Sources */ = {isa = PBXBuildFile; fileRef = FAC16E8725FD7756004238EC /* RoundButton.swift */; };
		FAC16E8F25FD791A004238EC /* GameControls.swift in Sources */ = {isa = PBXBuildFile; fileRef = FAC16E8E25FD791A004238EC /* GameControls.swift */; };
		FAC16E9025FD791A004238EC /* GameControls.swift in Sources */ = {isa = PBXBuildFile; fileRef = FAC16E8E25FD791A004238EC /* GameControls.swift */; };
		FAC16E9625FD81F0004238EC /* PlayerState.swift in Sources */ = {isa = PBXBuildFile; fileRef = FAC16E9525FD81F0004238EC /* PlayerState.swift */; };
		FAC16E9725FD81F0004238EC /* PlayerState.swift in Sources */ = {isa = PBXBuildFile; fileRef = FAC16E9525FD81F0004238EC /* PlayerState.swift */; };
		FAC16EA225FD880D004238EC /* CircularProgress.swift in Sources */ = {isa = PBXBuildFile; fileRef = FAC16EA125FD880D004238EC /* CircularProgress.swift */; };
		FAC16EA325FD880D004238EC /* CircularProgress.swift in Sources */ = {isa = PBXBuildFile; fileRef = FAC16EA125FD880D004238EC /* CircularProgress.swift */; };
		FAC16EAE25FD9AAA004238EC /* StatefulPreviewWrapper.swift in Sources */ = {isa = PBXBuildFile; fileRef = FAC16EAD25FD9AAA004238EC /* StatefulPreviewWrapper.swift */; };
		FAC16EAF25FD9AAA004238EC /* StatefulPreviewWrapper.swift in Sources */ = {isa = PBXBuildFile; fileRef = FAC16EAD25FD9AAA004238EC /* StatefulPreviewWrapper.swift */; };
		FAC16EB825FD9F87004238EC /* BuildProgressView.swift in Sources */ = {isa = PBXBuildFile; fileRef = FAC16EB725FD9F87004238EC /* BuildProgressView.swift */; };
		FAC16EB925FD9F87004238EC /* BuildProgressView.swift in Sources */ = {isa = PBXBuildFile; fileRef = FAC16EB725FD9F87004238EC /* BuildProgressView.swift */; };
		FAC16EC325FDC2A1004238EC /* MapEdgeView.swift in Sources */ = {isa = PBXBuildFile; fileRef = FAC16EC225FDC2A1004238EC /* MapEdgeView.swift */; };
		FAC16EC425FDC2A1004238EC /* MapEdgeView.swift in Sources */ = {isa = PBXBuildFile; fileRef = FAC16EC225FDC2A1004238EC /* MapEdgeView.swift */; };
		FAC16ED225FDD2CB004238EC /* MapEdgeViewModel.swift in Sources */ = {isa = PBXBuildFile; fileRef = FAC16ED125FDD2CB004238EC /* MapEdgeViewModel.swift */; };
		FAC16ED325FDD2CB004238EC /* MapEdgeViewModel.swift in Sources */ = {isa = PBXBuildFile; fileRef = FAC16ED125FDD2CB004238EC /* MapEdgeViewModel.swift */; };
		FAC16EDE25FDE982004238EC /* CGPointVector in Frameworks */ = {isa = PBXBuildFile; productRef = FAC16EDD25FDE982004238EC /* CGPointVector */; };
		FAC16EE425FDE991004238EC /* CGPointVector in Frameworks */ = {isa = PBXBuildFile; productRef = FAC16EE325FDE991004238EC /* CGPointVector */; };
		FAC16EEE25FE0FC3004238EC /* HexGridView.swift in Sources */ = {isa = PBXBuildFile; fileRef = FAC16EED25FE0FC3004238EC /* HexGridView.swift */; };
		FAC16EEF25FE0FC3004238EC /* HexGridView.swift in Sources */ = {isa = PBXBuildFile; fileRef = FAC16EED25FE0FC3004238EC /* HexGridView.swift */; };
		FAC16F952600BABA004238EC /* HexGrid.swift in Sources */ = {isa = PBXBuildFile; fileRef = FAC16F942600BABA004238EC /* HexGrid.swift */; };
		FAC16F962600BABA004238EC /* HexGrid.swift in Sources */ = {isa = PBXBuildFile; fileRef = FAC16F942600BABA004238EC /* HexGrid.swift */; };
/* End PBXBuildFile section */

/* Begin PBXContainerItemProxy section */
		FA59B68225FC280F00C7ABC8 /* PBXContainerItemProxy */ = {
			isa = PBXContainerItemProxy;
			containerPortal = FA59B66525FC280D00C7ABC8 /* Project object */;
			proxyType = 1;
			remoteGlobalIDString = FA59B67025FC280F00C7ABC8;
			remoteInfo = "HexBattle (iOS)";
		};
		FA59B77325FC33DE00C7ABC8 /* PBXContainerItemProxy */ = {
			isa = PBXContainerItemProxy;
			containerPortal = FA59B66525FC280D00C7ABC8 /* Project object */;
			proxyType = 1;
			remoteGlobalIDString = FA59B67825FC280F00C7ABC8;
			remoteInfo = "HexBattle (macOS)";
		};
/* End PBXContainerItemProxy section */

/* Begin PBXFileReference section */
		FA59B66C25FC280F00C7ABC8 /* Assets.xcassets */ = {isa = PBXFileReference; lastKnownFileType = folder.assetcatalog; path = Assets.xcassets; sourceTree = "<group>"; };
		FA59B67125FC280F00C7ABC8 /* HexBattle.app */ = {isa = PBXFileReference; explicitFileType = wrapper.application; includeInIndex = 0; path = HexBattle.app; sourceTree = BUILT_PRODUCTS_DIR; };
		FA59B67425FC280F00C7ABC8 /* Info.plist */ = {isa = PBXFileReference; lastKnownFileType = text.plist.xml; path = Info.plist; sourceTree = "<group>"; };
		FA59B67925FC280F00C7ABC8 /* HexBattle.app */ = {isa = PBXFileReference; explicitFileType = wrapper.application; includeInIndex = 0; path = HexBattle.app; sourceTree = BUILT_PRODUCTS_DIR; };
		FA59B67B25FC280F00C7ABC8 /* Info.plist */ = {isa = PBXFileReference; lastKnownFileType = text.plist.xml; path = Info.plist; sourceTree = "<group>"; };
		FA59B67C25FC280F00C7ABC8 /* macOS.entitlements */ = {isa = PBXFileReference; lastKnownFileType = text.plist.entitlements; path = macOS.entitlements; sourceTree = "<group>"; };
		FA59B68125FC280F00C7ABC8 /* Tests iOS.xctest */ = {isa = PBXFileReference; explicitFileType = wrapper.cfbundle; includeInIndex = 0; path = "Tests iOS.xctest"; sourceTree = BUILT_PRODUCTS_DIR; };
		FA59B68525FC280F00C7ABC8 /* Tests_iOS.swift */ = {isa = PBXFileReference; lastKnownFileType = sourcecode.swift; path = Tests_iOS.swift; sourceTree = "<group>"; };
		FA59B68725FC280F00C7ABC8 /* Info.plist */ = {isa = PBXFileReference; lastKnownFileType = text.plist.xml; path = Info.plist; sourceTree = "<group>"; };
		FA59B6B825FC287F00C7ABC8 /* HexMapModel.swift */ = {isa = PBXFileReference; lastKnownFileType = sourcecode.swift; path = HexMapModel.swift; sourceTree = "<group>"; };
		FA59B6C825FC2A1600C7ABC8 /* MapService.swift */ = {isa = PBXFileReference; lastKnownFileType = sourcecode.swift; path = MapService.swift; sourceTree = "<group>"; };
		FA59B6E125FC2ACD00C7ABC8 /* IOCConfig.swift */ = {isa = PBXFileReference; lastKnownFileType = sourcecode.swift; path = IOCConfig.swift; sourceTree = "<group>"; };
		FA59B6EA25FC2B3A00C7ABC8 /* PServiceType.swift */ = {isa = PBXFileReference; lastKnownFileType = sourcecode.swift; path = PServiceType.swift; sourceTree = "<group>"; };
		FA59B6F125FC2C9600C7ABC8 /* maps */ = {isa = PBXFileReference; lastKnownFileType = folder; path = maps; sourceTree = "<group>"; };
		FA59B71C25FC314000C7ABC8 /* os_test_config.xcconfig */ = {isa = PBXFileReference; lastKnownFileType = text.xcconfig; path = os_test_config.xcconfig; sourceTree = "<group>"; };
		FA59B76E25FC33DE00C7ABC8 /* HexBattleTests.xctest */ = {isa = PBXFileReference; explicitFileType = wrapper.cfbundle; includeInIndex = 0; path = HexBattleTests.xctest; sourceTree = BUILT_PRODUCTS_DIR; };
		FA59B77025FC33DE00C7ABC8 /* HexBattleTests.swift */ = {isa = PBXFileReference; lastKnownFileType = sourcecode.swift; path = HexBattleTests.swift; sourceTree = "<group>"; };
		FA59B77225FC33DE00C7ABC8 /* Info.plist */ = {isa = PBXFileReference; lastKnownFileType = text.plist.xml; path = Info.plist; sourceTree = "<group>"; };
		FA59B77E25FC341800C7ABC8 /* MapServiceTests.swift */ = {isa = PBXFileReference; fileEncoding = 4; lastKnownFileType = sourcecode.swift; path = MapServiceTests.swift; sourceTree = "<group>"; };
		FA59B7EB25FC43C200C7ABC8 /* Color+Neumorphic.swift */ = {isa = PBXFileReference; lastKnownFileType = sourcecode.swift; path = "Color+Neumorphic.swift"; sourceTree = "<group>"; };
		FA59B7F225FC462700C7ABC8 /* LinearGradient+Neumorphic.swift */ = {isa = PBXFileReference; lastKnownFileType = sourcecode.swift; path = "LinearGradient+Neumorphic.swift"; sourceTree = "<group>"; };
		FAAF28782601F7AE009B91BE /* MapError.swift */ = {isa = PBXFileReference; lastKnownFileType = sourcecode.swift; path = MapError.swift; sourceTree = "<group>"; };
		FAC16D6F25FC4A44004238EC /* HexMapState.swift */ = {isa = PBXFileReference; lastKnownFileType = sourcecode.swift; path = HexMapState.swift; sourceTree = "<group>"; };
		FAC16D7625FC4B33004238EC /* NodeType.swift */ = {isa = PBXFileReference; lastKnownFileType = sourcecode.swift; path = NodeType.swift; sourceTree = "<group>"; };
		FAC16D8C25FC57C4004238EC /* HexMapNodeViewModelTests.swift */ = {isa = PBXFileReference; lastKnownFileType = sourcecode.swift; path = HexMapNodeViewModelTests.swift; sourceTree = "<group>"; };
		FAC16D9625FC5CC4004238EC /* PlayerModel.swift */ = {isa = PBXFileReference; lastKnownFileType = sourcecode.swift; path = PlayerModel.swift; sourceTree = "<group>"; };
		FAC16DD525FC753C004238EC /* GameStateService.swift */ = {isa = PBXFileReference; lastKnownFileType = sourcecode.swift; path = GameStateService.swift; sourceTree = "<group>"; };
		FAC16DDC25FC8022004238EC /* GameStateServiceTests.swift */ = {isa = PBXFileReference; lastKnownFileType = sourcecode.swift; path = GameStateServiceTests.swift; sourceTree = "<group>"; };
		FAC16DFE25FC8EB9004238EC /* AppStateService.swift */ = {isa = PBXFileReference; lastKnownFileType = sourcecode.swift; path = AppStateService.swift; sourceTree = "<group>"; };
		FAC16E2425FCA41A004238EC /* Color+Extensions.swift */ = {isa = PBXFileReference; fileEncoding = 4; lastKnownFileType = sourcecode.swift; path = "Color+Extensions.swift"; sourceTree = "<group>"; };
		FAC16E3825FCB139004238EC /* ColorTests.swift */ = {isa = PBXFileReference; lastKnownFileType = sourcecode.swift; path = ColorTests.swift; sourceTree = "<group>"; };
		FAC16E4825FD720C004238EC /* AppCoordinator.swift */ = {isa = PBXFileReference; fileEncoding = 4; lastKnownFileType = sourcecode.swift; path = AppCoordinator.swift; sourceTree = "<group>"; };
		FAC16E4925FD720C004238EC /* AppCoordinatorView.swift */ = {isa = PBXFileReference; fileEncoding = 4; lastKnownFileType = sourcecode.swift; path = AppCoordinatorView.swift; sourceTree = "<group>"; };
		FAC16E4B25FD720C004238EC /* GameView.swift */ = {isa = PBXFileReference; fileEncoding = 4; lastKnownFileType = sourcecode.swift; path = GameView.swift; sourceTree = "<group>"; };
		FAC16E4C25FD720C004238EC /* GameViewModel.swift */ = {isa = PBXFileReference; fileEncoding = 4; lastKnownFileType = sourcecode.swift; path = GameViewModel.swift; sourceTree = "<group>"; };
		FAC16E4E25FD720C004238EC /* RenderConstants.swift */ = {isa = PBXFileReference; fileEncoding = 4; lastKnownFileType = sourcecode.swift; path = RenderConstants.swift; sourceTree = "<group>"; };
		FAC16E5025FD720C004238EC /* MapViewModel.swift */ = {isa = PBXFileReference; fileEncoding = 4; lastKnownFileType = sourcecode.swift; path = MapViewModel.swift; sourceTree = "<group>"; };
		FAC16E5125FD720C004238EC /* TerritoryBorder.swift */ = {isa = PBXFileReference; fileEncoding = 4; lastKnownFileType = sourcecode.swift; path = TerritoryBorder.swift; sourceTree = "<group>"; };
		FAC16E5225FD720C004238EC /* HexMapModel+ViewModel.swift */ = {isa = PBXFileReference; fileEncoding = 4; lastKnownFileType = sourcecode.swift; path = "HexMapModel+ViewModel.swift"; sourceTree = "<group>"; };
		FAC16E5325FD720C004238EC /* MapView.swift */ = {isa = PBXFileReference; fileEncoding = 4; lastKnownFileType = sourcecode.swift; path = MapView.swift; sourceTree = "<group>"; };
		FAC16E5525FD720C004238EC /* MapNodeView.swift */ = {isa = PBXFileReference; fileEncoding = 4; lastKnownFileType = sourcecode.swift; path = MapNodeView.swift; sourceTree = "<group>"; };
		FAC16E5725FD720C004238EC /* LevelSelectionView.swift */ = {isa = PBXFileReference; fileEncoding = 4; lastKnownFileType = sourcecode.swift; path = LevelSelectionView.swift; sourceTree = "<group>"; };
		FAC16E5825FD720C004238EC /* LevelSelectionViewModel.swift */ = {isa = PBXFileReference; fileEncoding = 4; lastKnownFileType = sourcecode.swift; path = LevelSelectionViewModel.swift; sourceTree = "<group>"; };
		FAC16E7525FD722D004238EC /* ContentView.swift */ = {isa = PBXFileReference; fileEncoding = 4; lastKnownFileType = sourcecode.swift; path = ContentView.swift; sourceTree = "<group>"; };
		FAC16E7625FD722D004238EC /* HexBattleApp.swift */ = {isa = PBXFileReference; fileEncoding = 4; lastKnownFileType = sourcecode.swift; path = HexBattleApp.swift; sourceTree = "<group>"; };
		FAC16E8725FD7756004238EC /* RoundButton.swift */ = {isa = PBXFileReference; lastKnownFileType = sourcecode.swift; path = RoundButton.swift; sourceTree = "<group>"; };
		FAC16E8E25FD791A004238EC /* GameControls.swift */ = {isa = PBXFileReference; lastKnownFileType = sourcecode.swift; path = GameControls.swift; sourceTree = "<group>"; };
		FAC16E9525FD81F0004238EC /* PlayerState.swift */ = {isa = PBXFileReference; lastKnownFileType = sourcecode.swift; path = PlayerState.swift; sourceTree = "<group>"; };
		FAC16EA125FD880D004238EC /* CircularProgress.swift */ = {isa = PBXFileReference; lastKnownFileType = sourcecode.swift; path = CircularProgress.swift; sourceTree = "<group>"; };
		FAC16EAD25FD9AAA004238EC /* StatefulPreviewWrapper.swift */ = {isa = PBXFileReference; lastKnownFileType = sourcecode.swift; path = StatefulPreviewWrapper.swift; sourceTree = "<group>"; };
		FAC16EB725FD9F87004238EC /* BuildProgressView.swift */ = {isa = PBXFileReference; lastKnownFileType = sourcecode.swift; path = BuildProgressView.swift; sourceTree = "<group>"; };
		FAC16EC225FDC2A1004238EC /* MapEdgeView.swift */ = {isa = PBXFileReference; lastKnownFileType = sourcecode.swift; path = MapEdgeView.swift; sourceTree = "<group>"; };
		FAC16ED125FDD2CB004238EC /* MapEdgeViewModel.swift */ = {isa = PBXFileReference; lastKnownFileType = sourcecode.swift; path = MapEdgeViewModel.swift; sourceTree = "<group>"; };
		FAC16EED25FE0FC3004238EC /* HexGridView.swift */ = {isa = PBXFileReference; lastKnownFileType = sourcecode.swift; path = HexGridView.swift; sourceTree = "<group>"; };
		FAC16F942600BABA004238EC /* HexGrid.swift */ = {isa = PBXFileReference; fileEncoding = 4; lastKnownFileType = sourcecode.swift; path = HexGrid.swift; sourceTree = "<group>"; };
/* End PBXFileReference section */

/* Begin PBXFrameworksBuildPhase section */
		FA59B66E25FC280F00C7ABC8 /* Frameworks */ = {
			isa = PBXFrameworksBuildPhase;
			buildActionMask = 2147483647;
			files = (
				FAC16EDE25FDE982004238EC /* CGPointVector in Frameworks */,
				FA59B6D525FC2A8400C7ABC8 /* Swinject in Frameworks */,
			);
			runOnlyForDeploymentPostprocessing = 0;
		};
		FA59B67625FC280F00C7ABC8 /* Frameworks */ = {
			isa = PBXFrameworksBuildPhase;
			buildActionMask = 2147483647;
			files = (
				FAC16EE425FDE991004238EC /* CGPointVector in Frameworks */,
				FA59B6DC25FC2A8F00C7ABC8 /* Swinject in Frameworks */,
			);
			runOnlyForDeploymentPostprocessing = 0;
		};
		FA59B67E25FC280F00C7ABC8 /* Frameworks */ = {
			isa = PBXFrameworksBuildPhase;
			buildActionMask = 2147483647;
			files = (
			);
			runOnlyForDeploymentPostprocessing = 0;
		};
		FA59B76B25FC33DE00C7ABC8 /* Frameworks */ = {
			isa = PBXFrameworksBuildPhase;
			buildActionMask = 2147483647;
			files = (
			);
			runOnlyForDeploymentPostprocessing = 0;
		};
/* End PBXFrameworksBuildPhase section */

/* Begin PBXGroup section */
		FA59B66425FC280D00C7ABC8 = {
			isa = PBXGroup;
			children = (
				FA59B66925FC280E00C7ABC8 /* Shared */,
				FA59B67325FC280F00C7ABC8 /* iOS */,
				FA59B67A25FC280F00C7ABC8 /* macOS */,
				FA59B68425FC280F00C7ABC8 /* Tests iOS */,
				FA59B76F25FC33DE00C7ABC8 /* HexBattleTests */,
				FA59B67225FC280F00C7ABC8 /* Products */,
				FA59B6DA25FC2A8F00C7ABC8 /* Frameworks */,
			);
			sourceTree = "<group>";
		};
		FA59B66925FC280E00C7ABC8 /* Shared */ = {
			isa = PBXGroup;
			children = (
				FA59B6E825FC2B2900C7ABC8 /* Infrastructure */,
				FA59B6C725FC29EB00C7ABC8 /* Service */,
				FA59B6BF25FC292300C7ABC8 /* Resources */,
				FA59B6AB25FC286A00C7ABC8 /* Model */,
				FAC16E4625FD720C004238EC /* Scene */,
				FA59B66C25FC280F00C7ABC8 /* Assets.xcassets */,
			);
			path = Shared;
			sourceTree = "<group>";
		};
		FA59B67225FC280F00C7ABC8 /* Products */ = {
			isa = PBXGroup;
			children = (
				FA59B67125FC280F00C7ABC8 /* HexBattle.app */,
				FA59B67925FC280F00C7ABC8 /* HexBattle.app */,
				FA59B68125FC280F00C7ABC8 /* Tests iOS.xctest */,
				FA59B76E25FC33DE00C7ABC8 /* HexBattleTests.xctest */,
			);
			name = Products;
			sourceTree = "<group>";
		};
		FA59B67325FC280F00C7ABC8 /* iOS */ = {
			isa = PBXGroup;
			children = (
				FA59B67425FC280F00C7ABC8 /* Info.plist */,
			);
			path = iOS;
			sourceTree = "<group>";
		};
		FA59B67A25FC280F00C7ABC8 /* macOS */ = {
			isa = PBXGroup;
			children = (
				FA59B71B25FC314000C7ABC8 /* config */,
				FA59B67B25FC280F00C7ABC8 /* Info.plist */,
				FA59B67C25FC280F00C7ABC8 /* macOS.entitlements */,
			);
			path = macOS;
			sourceTree = "<group>";
		};
		FA59B68425FC280F00C7ABC8 /* Tests iOS */ = {
			isa = PBXGroup;
			children = (
				FA59B68525FC280F00C7ABC8 /* Tests_iOS.swift */,
				FA59B68725FC280F00C7ABC8 /* Info.plist */,
			);
			path = "Tests iOS";
			sourceTree = "<group>";
		};
		FA59B6AB25FC286A00C7ABC8 /* Model */ = {
			isa = PBXGroup;
			children = (
				FAC16F942600BABA004238EC /* HexGrid.swift */,
				FA59B6B825FC287F00C7ABC8 /* HexMapModel.swift */,
				FAC16D6F25FC4A44004238EC /* HexMapState.swift */,
				FAC16D7625FC4B33004238EC /* NodeType.swift */,
				FAC16D9625FC5CC4004238EC /* PlayerModel.swift */,
				FAC16E9525FD81F0004238EC /* PlayerState.swift */,
				FAAF28782601F7AE009B91BE /* MapError.swift */,
			);
			path = Model;
			sourceTree = "<group>";
		};
		FA59B6BF25FC292300C7ABC8 /* Resources */ = {
			isa = PBXGroup;
			children = (
				FA59B6F125FC2C9600C7ABC8 /* maps */,
			);
			path = Resources;
			sourceTree = "<group>";
		};
		FA59B6C725FC29EB00C7ABC8 /* Service */ = {
			isa = PBXGroup;
			children = (
				FA59B6C825FC2A1600C7ABC8 /* MapService.swift */,
				FA59B6E125FC2ACD00C7ABC8 /* IOCConfig.swift */,
				FAC16DD525FC753C004238EC /* GameStateService.swift */,
				FAC16DFE25FC8EB9004238EC /* AppStateService.swift */,
			);
			path = Service;
			sourceTree = "<group>";
		};
		FA59B6DA25FC2A8F00C7ABC8 /* Frameworks */ = {
			isa = PBXGroup;
			children = (
			);
			name = Frameworks;
			sourceTree = "<group>";
		};
		FA59B6E825FC2B2900C7ABC8 /* Infrastructure */ = {
			isa = PBXGroup;
			children = (
				FAC16EAC25FD9AA2004238EC /* SwiftUI */,
				FA59B6E925FC2B3300C7ABC8 /* Extensions */,
			);
			path = Infrastructure;
			sourceTree = "<group>";
		};
		FA59B6E925FC2B3300C7ABC8 /* Extensions */ = {
			isa = PBXGroup;
			children = (
				FAC16E2425FCA41A004238EC /* Color+Extensions.swift */,
				FA59B6EA25FC2B3A00C7ABC8 /* PServiceType.swift */,
				FA59B7EB25FC43C200C7ABC8 /* Color+Neumorphic.swift */,
				FA59B7F225FC462700C7ABC8 /* LinearGradient+Neumorphic.swift */,
			);
			path = Extensions;
			sourceTree = "<group>";
		};
		FA59B71B25FC314000C7ABC8 /* config */ = {
			isa = PBXGroup;
			children = (
				FA59B71C25FC314000C7ABC8 /* os_test_config.xcconfig */,
			);
			path = config;
			sourceTree = "<group>";
		};
		FA59B76F25FC33DE00C7ABC8 /* HexBattleTests */ = {
			isa = PBXGroup;
			children = (
				FAC16E3625FCB130004238EC /* Infrastructure */,
				FA59B77D25FC341800C7ABC8 /* Service */,
				FAC16D8A25FC57BB004238EC /* ViewModel */,
				FA59B77025FC33DE00C7ABC8 /* HexBattleTests.swift */,
				FA59B77225FC33DE00C7ABC8 /* Info.plist */,
			);
			path = HexBattleTests;
			sourceTree = "<group>";
		};
		FA59B77D25FC341800C7ABC8 /* Service */ = {
			isa = PBXGroup;
			children = (
				FA59B77E25FC341800C7ABC8 /* MapServiceTests.swift */,
				FAC16DDC25FC8022004238EC /* GameStateServiceTests.swift */,
			);
			path = Service;
			sourceTree = "<group>";
		};
		FAC16D8A25FC57BB004238EC /* ViewModel */ = {
			isa = PBXGroup;
			children = (
				FAC16D8B25FC57BB004238EC /* Map */,
			);
			path = ViewModel;
			sourceTree = "<group>";
		};
		FAC16D8B25FC57BB004238EC /* Map */ = {
			isa = PBXGroup;
			children = (
				FAC16D8C25FC57C4004238EC /* HexMapNodeViewModelTests.swift */,
			);
			path = Map;
			sourceTree = "<group>";
		};
		FAC16E3625FCB130004238EC /* Infrastructure */ = {
			isa = PBXGroup;
			children = (
				FAC16E3725FCB130004238EC /* Extensions */,
			);
			path = Infrastructure;
			sourceTree = "<group>";
		};
		FAC16E3725FCB130004238EC /* Extensions */ = {
			isa = PBXGroup;
			children = (
				FAC16E3825FCB139004238EC /* ColorTests.swift */,
			);
			path = Extensions;
			sourceTree = "<group>";
		};
		FAC16E4625FD720C004238EC /* Scene */ = {
			isa = PBXGroup;
			children = (
				FAC16E4725FD720C004238EC /* App */,
				FAC16E4A25FD720C004238EC /* Game */,
				FAC16E4D25FD720C004238EC /* Common */,
				FAC16E4F25FD720C004238EC /* Map */,
				FAC16E5625FD720C004238EC /* Menu */,
			);
			path = Scene;
			sourceTree = "<group>";
		};
		FAC16E4725FD720C004238EC /* App */ = {
			isa = PBXGroup;
			children = (
				FAC16E4825FD720C004238EC /* AppCoordinator.swift */,
				FAC16E4925FD720C004238EC /* AppCoordinatorView.swift */,
				FAC16E7525FD722D004238EC /* ContentView.swift */,
				FAC16E7625FD722D004238EC /* HexBattleApp.swift */,
			);
			path = App;
			sourceTree = "<group>";
		};
		FAC16E4A25FD720C004238EC /* Game */ = {
			isa = PBXGroup;
			children = (
				FAC16EA025FD877D004238EC /* Controls */,
				FAC16E4B25FD720C004238EC /* GameView.swift */,
				FAC16E4C25FD720C004238EC /* GameViewModel.swift */,
				FAC16E8E25FD791A004238EC /* GameControls.swift */,
			);
			path = Game;
			sourceTree = "<group>";
		};
		FAC16E4D25FD720C004238EC /* Common */ = {
			isa = PBXGroup;
			children = (
				FAC16E4E25FD720C004238EC /* RenderConstants.swift */,
				FAC16E8725FD7756004238EC /* RoundButton.swift */,
				FAC16EA125FD880D004238EC /* CircularProgress.swift */,
			);
			path = Common;
			sourceTree = "<group>";
		};
		FAC16E4F25FD720C004238EC /* Map */ = {
			isa = PBXGroup;
			children = (
				FAC16E5425FD720C004238EC /* Node */,
				FAC16EC225FDC2A1004238EC /* MapEdgeView.swift */,
				FAC16ED125FDD2CB004238EC /* MapEdgeViewModel.swift */,
				FAC16E5025FD720C004238EC /* MapViewModel.swift */,
				FAC16E5325FD720C004238EC /* MapView.swift */,
				FAC16E5125FD720C004238EC /* TerritoryBorder.swift */,
				FAC16E5225FD720C004238EC /* HexMapModel+ViewModel.swift */,
				FAC16EED25FE0FC3004238EC /* HexGridView.swift */,
			);
			path = Map;
			sourceTree = "<group>";
		};
		FAC16E5425FD720C004238EC /* Node */ = {
			isa = PBXGroup;
			children = (
				FAC16E5525FD720C004238EC /* MapNodeView.swift */,
			);
			path = Node;
			sourceTree = "<group>";
		};
		FAC16E5625FD720C004238EC /* Menu */ = {
			isa = PBXGroup;
			children = (
				FAC16E5725FD720C004238EC /* LevelSelectionView.swift */,
				FAC16E5825FD720C004238EC /* LevelSelectionViewModel.swift */,
			);
			path = Menu;
			sourceTree = "<group>";
		};
		FAC16EA025FD877D004238EC /* Controls */ = {
			isa = PBXGroup;
			children = (
				FAC16EB725FD9F87004238EC /* BuildProgressView.swift */,
			);
			path = Controls;
			sourceTree = "<group>";
		};
		FAC16EAC25FD9AA2004238EC /* SwiftUI */ = {
			isa = PBXGroup;
			children = (
				FAC16EAD25FD9AAA004238EC /* StatefulPreviewWrapper.swift */,
			);
			path = SwiftUI;
			sourceTree = "<group>";
		};
/* End PBXGroup section */

/* Begin PBXNativeTarget section */
		FA59B67025FC280F00C7ABC8 /* HexBattle (iOS) */ = {
			isa = PBXNativeTarget;
			buildConfigurationList = FA59B69B25FC280F00C7ABC8 /* Build configuration list for PBXNativeTarget "HexBattle (iOS)" */;
			buildPhases = (
				FA59B66D25FC280F00C7ABC8 /* Sources */,
				FA59B66E25FC280F00C7ABC8 /* Frameworks */,
				FA59B66F25FC280F00C7ABC8 /* Resources */,
			);
			buildRules = (
			);
			dependencies = (
			);
			name = "HexBattle (iOS)";
			packageProductDependencies = (
				FA59B6D425FC2A8400C7ABC8 /* Swinject */,
				FAC16EDD25FDE982004238EC /* CGPointVector */,
			);
			productName = "HexBattle (iOS)";
			productReference = FA59B67125FC280F00C7ABC8 /* HexBattle.app */;
			productType = "com.apple.product-type.application";
		};
		FA59B67825FC280F00C7ABC8 /* HexBattle (macOS) */ = {
			isa = PBXNativeTarget;
			buildConfigurationList = FA59B69E25FC280F00C7ABC8 /* Build configuration list for PBXNativeTarget "HexBattle (macOS)" */;
			buildPhases = (
				FA59B67525FC280F00C7ABC8 /* Sources */,
				FA59B67625FC280F00C7ABC8 /* Frameworks */,
				FA59B67725FC280F00C7ABC8 /* Resources */,
			);
			buildRules = (
			);
			dependencies = (
			);
			name = "HexBattle (macOS)";
			packageProductDependencies = (
				FA59B6DB25FC2A8F00C7ABC8 /* Swinject */,
				FAC16EE325FDE991004238EC /* CGPointVector */,
			);
			productName = "HexBattle (macOS)";
			productReference = FA59B67925FC280F00C7ABC8 /* HexBattle.app */;
			productType = "com.apple.product-type.application";
		};
		FA59B68025FC280F00C7ABC8 /* Tests iOS */ = {
			isa = PBXNativeTarget;
			buildConfigurationList = FA59B6A125FC280F00C7ABC8 /* Build configuration list for PBXNativeTarget "Tests iOS" */;
			buildPhases = (
				FA59B67D25FC280F00C7ABC8 /* Sources */,
				FA59B67E25FC280F00C7ABC8 /* Frameworks */,
				FA59B67F25FC280F00C7ABC8 /* Resources */,
			);
			buildRules = (
			);
			dependencies = (
				FA59B68325FC280F00C7ABC8 /* PBXTargetDependency */,
			);
			name = "Tests iOS";
			productName = "Tests iOS";
			productReference = FA59B68125FC280F00C7ABC8 /* Tests iOS.xctest */;
			productType = "com.apple.product-type.bundle.ui-testing";
		};
		FA59B76D25FC33DE00C7ABC8 /* HexBattleTests */ = {
			isa = PBXNativeTarget;
			buildConfigurationList = FA59B77525FC33DE00C7ABC8 /* Build configuration list for PBXNativeTarget "HexBattleTests" */;
			buildPhases = (
				FA59B76A25FC33DE00C7ABC8 /* Sources */,
				FA59B76B25FC33DE00C7ABC8 /* Frameworks */,
				FA59B76C25FC33DE00C7ABC8 /* Resources */,
			);
			buildRules = (
			);
			dependencies = (
				FA59B77425FC33DE00C7ABC8 /* PBXTargetDependency */,
			);
			name = HexBattleTests;
			productName = HexBattleTests;
			productReference = FA59B76E25FC33DE00C7ABC8 /* HexBattleTests.xctest */;
			productType = "com.apple.product-type.bundle.unit-test";
		};
/* End PBXNativeTarget section */

/* Begin PBXProject section */
		FA59B66525FC280D00C7ABC8 /* Project object */ = {
			isa = PBXProject;
			attributes = {
				LastSwiftUpdateCheck = 1230;
				LastUpgradeCheck = 1230;
				TargetAttributes = {
					FA59B67025FC280F00C7ABC8 = {
						CreatedOnToolsVersion = 12.3;
					};
					FA59B67825FC280F00C7ABC8 = {
						CreatedOnToolsVersion = 12.3;
					};
					FA59B68025FC280F00C7ABC8 = {
						CreatedOnToolsVersion = 12.3;
						TestTargetID = FA59B67025FC280F00C7ABC8;
					};
					FA59B76D25FC33DE00C7ABC8 = {
						CreatedOnToolsVersion = 12.3;
						TestTargetID = FA59B67825FC280F00C7ABC8;
					};
				};
			};
			buildConfigurationList = FA59B66825FC280D00C7ABC8 /* Build configuration list for PBXProject "HexBattle" */;
			compatibilityVersion = "Xcode 9.3";
			developmentRegion = en;
			hasScannedForEncodings = 0;
			knownRegions = (
				en,
				Base,
			);
			mainGroup = FA59B66425FC280D00C7ABC8;
			packageReferences = (
				FA59B6D325FC2A8400C7ABC8 /* XCRemoteSwiftPackageReference "Swinject" */,
				FAC16EDC25FDE982004238EC /* XCRemoteSwiftPackageReference "CGPointVector" */,
			);
			productRefGroup = FA59B67225FC280F00C7ABC8 /* Products */;
			projectDirPath = "";
			projectRoot = "";
			targets = (
				FA59B67025FC280F00C7ABC8 /* HexBattle (iOS) */,
				FA59B67825FC280F00C7ABC8 /* HexBattle (macOS) */,
				FA59B68025FC280F00C7ABC8 /* Tests iOS */,
				FA59B76D25FC33DE00C7ABC8 /* HexBattleTests */,
			);
		};
/* End PBXProject section */

/* Begin PBXResourcesBuildPhase section */
		FA59B66F25FC280F00C7ABC8 /* Resources */ = {
			isa = PBXResourcesBuildPhase;
			buildActionMask = 2147483647;
			files = (
				FA59B6F225FC2C9600C7ABC8 /* maps in Resources */,
				FA59B69725FC280F00C7ABC8 /* Assets.xcassets in Resources */,
			);
			runOnlyForDeploymentPostprocessing = 0;
		};
		FA59B67725FC280F00C7ABC8 /* Resources */ = {
			isa = PBXResourcesBuildPhase;
			buildActionMask = 2147483647;
			files = (
				FA59B6F325FC2C9600C7ABC8 /* maps in Resources */,
				FA59B69825FC280F00C7ABC8 /* Assets.xcassets in Resources */,
			);
			runOnlyForDeploymentPostprocessing = 0;
		};
		FA59B67F25FC280F00C7ABC8 /* Resources */ = {
			isa = PBXResourcesBuildPhase;
			buildActionMask = 2147483647;
			files = (
			);
			runOnlyForDeploymentPostprocessing = 0;
		};
		FA59B76C25FC33DE00C7ABC8 /* Resources */ = {
			isa = PBXResourcesBuildPhase;
			buildActionMask = 2147483647;
			files = (
			);
			runOnlyForDeploymentPostprocessing = 0;
		};
/* End PBXResourcesBuildPhase section */

/* Begin PBXSourcesBuildPhase section */
		FA59B66D25FC280F00C7ABC8 /* Sources */ = {
			isa = PBXSourcesBuildPhase;
			buildActionMask = 2147483647;
			files = (
				FAC16EC325FDC2A1004238EC /* MapEdgeView.swift in Sources */,
				FAC16E8825FD7756004238EC /* RoundButton.swift in Sources */,
				FAC16E5F25FD720C004238EC /* GameViewModel.swift in Sources */,
				FAC16E7725FD722D004238EC /* ContentView.swift in Sources */,
				FAC16ED225FDD2CB004238EC /* MapEdgeViewModel.swift in Sources */,
				FAC16E6925FD720C004238EC /* MapView.swift in Sources */,
				FAC16E6D25FD720C004238EC /* LevelSelectionView.swift in Sources */,
				FAC16D7025FC4A44004238EC /* HexMapState.swift in Sources */,
				FAC16D7725FC4B33004238EC /* NodeType.swift in Sources */,
				FA59B6C925FC2A1600C7ABC8 /* MapService.swift in Sources */,
				FAAF28792601F7AE009B91BE /* MapError.swift in Sources */,
				FAC16E5B25FD720C004238EC /* AppCoordinatorView.swift in Sources */,
				FAC16F952600BABA004238EC /* HexGrid.swift in Sources */,
				FAC16E9625FD81F0004238EC /* PlayerState.swift in Sources */,
				FAC16E2525FCA41A004238EC /* Color+Extensions.swift in Sources */,
				FAC16E5D25FD720C004238EC /* GameView.swift in Sources */,
				FAC16DD625FC753C004238EC /* GameStateService.swift in Sources */,
				FA59B6E225FC2ACD00C7ABC8 /* IOCConfig.swift in Sources */,
				FAC16EEE25FE0FC3004238EC /* HexGridView.swift in Sources */,
				FAC16E6125FD720C004238EC /* RenderConstants.swift in Sources */,
				FA59B6B925FC287F00C7ABC8 /* HexMapModel.swift in Sources */,
				FAC16DFF25FC8EBA004238EC /* AppStateService.swift in Sources */,
				FA59B7EC25FC43C200C7ABC8 /* Color+Neumorphic.swift in Sources */,
				FAC16EB825FD9F87004238EC /* BuildProgressView.swift in Sources */,
				FAC16DA425FC5D14004238EC /* PlayerModel.swift in Sources */,
				FAC16E6525FD720C004238EC /* TerritoryBorder.swift in Sources */,
				FAC16E6325FD720C004238EC /* MapViewModel.swift in Sources */,
				FA59B6EB25FC2B3A00C7ABC8 /* PServiceType.swift in Sources */,
				FAC16E6B25FD720C004238EC /* MapNodeView.swift in Sources */,
				FAC16E7925FD722D004238EC /* HexBattleApp.swift in Sources */,
				FAC16E5925FD720C004238EC /* AppCoordinator.swift in Sources */,
				FAC16EA225FD880D004238EC /* CircularProgress.swift in Sources */,
				FAC16E6F25FD720C004238EC /* LevelSelectionViewModel.swift in Sources */,
				FAC16E6725FD720C004238EC /* HexMapModel+ViewModel.swift in Sources */,
				FA59B7F325FC462700C7ABC8 /* LinearGradient+Neumorphic.swift in Sources */,
				FAC16E8F25FD791A004238EC /* GameControls.swift in Sources */,
				FAC16EAE25FD9AAA004238EC /* StatefulPreviewWrapper.swift in Sources */,
			);
			runOnlyForDeploymentPostprocessing = 0;
		};
		FA59B67525FC280F00C7ABC8 /* Sources */ = {
			isa = PBXSourcesBuildPhase;
			buildActionMask = 2147483647;
			files = (
				FAC16EC425FDC2A1004238EC /* MapEdgeView.swift in Sources */,
				FAC16E8925FD7756004238EC /* RoundButton.swift in Sources */,
				FAC16E6025FD720C004238EC /* GameViewModel.swift in Sources */,
				FAC16E7825FD722D004238EC /* ContentView.swift in Sources */,
				FAC16ED325FDD2CB004238EC /* MapEdgeViewModel.swift in Sources */,
				FAC16E6A25FD720C004238EC /* MapView.swift in Sources */,
				FAC16E6E25FD720C004238EC /* LevelSelectionView.swift in Sources */,
				FAC16D7125FC4A44004238EC /* HexMapState.swift in Sources */,
				FAC16D7825FC4B33004238EC /* NodeType.swift in Sources */,
				FA59B6CA25FC2A1600C7ABC8 /* MapService.swift in Sources */,
				FAAF287A2601F7AE009B91BE /* MapError.swift in Sources */,
				FAC16E5C25FD720C004238EC /* AppCoordinatorView.swift in Sources */,
				FAC16F962600BABA004238EC /* HexGrid.swift in Sources */,
				FAC16E9725FD81F0004238EC /* PlayerState.swift in Sources */,
				FAC16E2625FCA41A004238EC /* Color+Extensions.swift in Sources */,
				FAC16E5E25FD720C004238EC /* GameView.swift in Sources */,
				FAC16DD725FC753C004238EC /* GameStateService.swift in Sources */,
				FA59B6E325FC2ACD00C7ABC8 /* IOCConfig.swift in Sources */,
				FAC16EEF25FE0FC3004238EC /* HexGridView.swift in Sources */,
				FAC16E6225FD720C004238EC /* RenderConstants.swift in Sources */,
				FA59B6BA25FC287F00C7ABC8 /* HexMapModel.swift in Sources */,
				FAC16E0025FC8EBA004238EC /* AppStateService.swift in Sources */,
				FA59B7ED25FC43C200C7ABC8 /* Color+Neumorphic.swift in Sources */,
				FAC16EB925FD9F87004238EC /* BuildProgressView.swift in Sources */,
				FAC16DA925FC5D15004238EC /* PlayerModel.swift in Sources */,
				FAC16E6625FD720C004238EC /* TerritoryBorder.swift in Sources */,
				FAC16E6425FD720C004238EC /* MapViewModel.swift in Sources */,
				FA59B6EC25FC2B3A00C7ABC8 /* PServiceType.swift in Sources */,
				FAC16E6C25FD720C004238EC /* MapNodeView.swift in Sources */,
				FAC16E7A25FD722D004238EC /* HexBattleApp.swift in Sources */,
				FAC16E5A25FD720C004238EC /* AppCoordinator.swift in Sources */,
				FAC16EA325FD880D004238EC /* CircularProgress.swift in Sources */,
				FAC16E7025FD720C004238EC /* LevelSelectionViewModel.swift in Sources */,
				FAC16E6825FD720C004238EC /* HexMapModel+ViewModel.swift in Sources */,
				FA59B7F425FC462700C7ABC8 /* LinearGradient+Neumorphic.swift in Sources */,
				FAC16E9025FD791A004238EC /* GameControls.swift in Sources */,
				FAC16EAF25FD9AAA004238EC /* StatefulPreviewWrapper.swift in Sources */,
			);
			runOnlyForDeploymentPostprocessing = 0;
		};
		FA59B67D25FC280F00C7ABC8 /* Sources */ = {
			isa = PBXSourcesBuildPhase;
			buildActionMask = 2147483647;
			files = (
				FA59B68625FC280F00C7ABC8 /* Tests_iOS.swift in Sources */,
			);
			runOnlyForDeploymentPostprocessing = 0;
		};
		FA59B76A25FC33DE00C7ABC8 /* Sources */ = {
			isa = PBXSourcesBuildPhase;
			buildActionMask = 2147483647;
			files = (
				FAC16D8D25FC57C4004238EC /* HexMapNodeViewModelTests.swift in Sources */,
				FAC16DDD25FC8022004238EC /* GameStateServiceTests.swift in Sources */,
				FAC16E3925FCB139004238EC /* ColorTests.swift in Sources */,
				FA59B77F25FC341800C7ABC8 /* MapServiceTests.swift in Sources */,
				FA59B77125FC33DE00C7ABC8 /* HexBattleTests.swift in Sources */,
			);
			runOnlyForDeploymentPostprocessing = 0;
		};
/* End PBXSourcesBuildPhase section */

/* Begin PBXTargetDependency section */
		FA59B68325FC280F00C7ABC8 /* PBXTargetDependency */ = {
			isa = PBXTargetDependency;
			target = FA59B67025FC280F00C7ABC8 /* HexBattle (iOS) */;
			targetProxy = FA59B68225FC280F00C7ABC8 /* PBXContainerItemProxy */;
		};
		FA59B77425FC33DE00C7ABC8 /* PBXTargetDependency */ = {
			isa = PBXTargetDependency;
			target = FA59B67825FC280F00C7ABC8 /* HexBattle (macOS) */;
			targetProxy = FA59B77325FC33DE00C7ABC8 /* PBXContainerItemProxy */;
		};
/* End PBXTargetDependency section */

/* Begin XCBuildConfiguration section */
		FA59B69925FC280F00C7ABC8 /* Debug */ = {
			isa = XCBuildConfiguration;
			buildSettings = {
				ALWAYS_SEARCH_USER_PATHS = NO;
				CLANG_ANALYZER_NONNULL = YES;
				CLANG_ANALYZER_NUMBER_OBJECT_CONVERSION = YES_AGGRESSIVE;
				CLANG_CXX_LANGUAGE_STANDARD = "gnu++14";
				CLANG_CXX_LIBRARY = "libc++";
				CLANG_ENABLE_MODULES = YES;
				CLANG_ENABLE_OBJC_ARC = YES;
				CLANG_ENABLE_OBJC_WEAK = YES;
				CLANG_WARN_BLOCK_CAPTURE_AUTORELEASING = YES;
				CLANG_WARN_BOOL_CONVERSION = YES;
				CLANG_WARN_COMMA = YES;
				CLANG_WARN_CONSTANT_CONVERSION = YES;
				CLANG_WARN_DEPRECATED_OBJC_IMPLEMENTATIONS = YES;
				CLANG_WARN_DIRECT_OBJC_ISA_USAGE = YES_ERROR;
				CLANG_WARN_DOCUMENTATION_COMMENTS = YES;
				CLANG_WARN_EMPTY_BODY = YES;
				CLANG_WARN_ENUM_CONVERSION = YES;
				CLANG_WARN_INFINITE_RECURSION = YES;
				CLANG_WARN_INT_CONVERSION = YES;
				CLANG_WARN_NON_LITERAL_NULL_CONVERSION = YES;
				CLANG_WARN_OBJC_IMPLICIT_RETAIN_SELF = YES;
				CLANG_WARN_OBJC_LITERAL_CONVERSION = YES;
				CLANG_WARN_OBJC_ROOT_CLASS = YES_ERROR;
				CLANG_WARN_QUOTED_INCLUDE_IN_FRAMEWORK_HEADER = YES;
				CLANG_WARN_RANGE_LOOP_ANALYSIS = YES;
				CLANG_WARN_STRICT_PROTOTYPES = YES;
				CLANG_WARN_SUSPICIOUS_MOVE = YES;
				CLANG_WARN_UNGUARDED_AVAILABILITY = YES_AGGRESSIVE;
				CLANG_WARN_UNREACHABLE_CODE = YES;
				CLANG_WARN__DUPLICATE_METHOD_MATCH = YES;
				COPY_PHASE_STRIP = NO;
				DEBUG_INFORMATION_FORMAT = dwarf;
				ENABLE_STRICT_OBJC_MSGSEND = YES;
				ENABLE_TESTABILITY = YES;
				GCC_C_LANGUAGE_STANDARD = gnu11;
				GCC_DYNAMIC_NO_PIC = NO;
				GCC_NO_COMMON_BLOCKS = YES;
				GCC_OPTIMIZATION_LEVEL = 0;
				GCC_PREPROCESSOR_DEFINITIONS = (
					"DEBUG=1",
					"$(inherited)",
				);
				GCC_WARN_64_TO_32_BIT_CONVERSION = YES;
				GCC_WARN_ABOUT_RETURN_TYPE = YES_ERROR;
				GCC_WARN_UNDECLARED_SELECTOR = YES;
				GCC_WARN_UNINITIALIZED_AUTOS = YES_AGGRESSIVE;
				GCC_WARN_UNUSED_FUNCTION = YES;
				GCC_WARN_UNUSED_VARIABLE = YES;
				MTL_ENABLE_DEBUG_INFO = INCLUDE_SOURCE;
				MTL_FAST_MATH = YES;
				ONLY_ACTIVE_ARCH = YES;
				SWIFT_ACTIVE_COMPILATION_CONDITIONS = DEBUG;
				SWIFT_OPTIMIZATION_LEVEL = "-Onone";
			};
			name = Debug;
		};
		FA59B69A25FC280F00C7ABC8 /* Release */ = {
			isa = XCBuildConfiguration;
			buildSettings = {
				ALWAYS_SEARCH_USER_PATHS = NO;
				CLANG_ANALYZER_NONNULL = YES;
				CLANG_ANALYZER_NUMBER_OBJECT_CONVERSION = YES_AGGRESSIVE;
				CLANG_CXX_LANGUAGE_STANDARD = "gnu++14";
				CLANG_CXX_LIBRARY = "libc++";
				CLANG_ENABLE_MODULES = YES;
				CLANG_ENABLE_OBJC_ARC = YES;
				CLANG_ENABLE_OBJC_WEAK = YES;
				CLANG_WARN_BLOCK_CAPTURE_AUTORELEASING = YES;
				CLANG_WARN_BOOL_CONVERSION = YES;
				CLANG_WARN_COMMA = YES;
				CLANG_WARN_CONSTANT_CONVERSION = YES;
				CLANG_WARN_DEPRECATED_OBJC_IMPLEMENTATIONS = YES;
				CLANG_WARN_DIRECT_OBJC_ISA_USAGE = YES_ERROR;
				CLANG_WARN_DOCUMENTATION_COMMENTS = YES;
				CLANG_WARN_EMPTY_BODY = YES;
				CLANG_WARN_ENUM_CONVERSION = YES;
				CLANG_WARN_INFINITE_RECURSION = YES;
				CLANG_WARN_INT_CONVERSION = YES;
				CLANG_WARN_NON_LITERAL_NULL_CONVERSION = YES;
				CLANG_WARN_OBJC_IMPLICIT_RETAIN_SELF = YES;
				CLANG_WARN_OBJC_LITERAL_CONVERSION = YES;
				CLANG_WARN_OBJC_ROOT_CLASS = YES_ERROR;
				CLANG_WARN_QUOTED_INCLUDE_IN_FRAMEWORK_HEADER = YES;
				CLANG_WARN_RANGE_LOOP_ANALYSIS = YES;
				CLANG_WARN_STRICT_PROTOTYPES = YES;
				CLANG_WARN_SUSPICIOUS_MOVE = YES;
				CLANG_WARN_UNGUARDED_AVAILABILITY = YES_AGGRESSIVE;
				CLANG_WARN_UNREACHABLE_CODE = YES;
				CLANG_WARN__DUPLICATE_METHOD_MATCH = YES;
				COPY_PHASE_STRIP = NO;
				DEBUG_INFORMATION_FORMAT = "dwarf-with-dsym";
				ENABLE_NS_ASSERTIONS = NO;
				ENABLE_STRICT_OBJC_MSGSEND = YES;
				GCC_C_LANGUAGE_STANDARD = gnu11;
				GCC_NO_COMMON_BLOCKS = YES;
				GCC_WARN_64_TO_32_BIT_CONVERSION = YES;
				GCC_WARN_ABOUT_RETURN_TYPE = YES_ERROR;
				GCC_WARN_UNDECLARED_SELECTOR = YES;
				GCC_WARN_UNINITIALIZED_AUTOS = YES_AGGRESSIVE;
				GCC_WARN_UNUSED_FUNCTION = YES;
				GCC_WARN_UNUSED_VARIABLE = YES;
				MTL_ENABLE_DEBUG_INFO = NO;
				MTL_FAST_MATH = YES;
				SWIFT_COMPILATION_MODE = wholemodule;
				SWIFT_OPTIMIZATION_LEVEL = "-O";
			};
			name = Release;
		};
		FA59B69C25FC280F00C7ABC8 /* Debug */ = {
			isa = XCBuildConfiguration;
			buildSettings = {
				ASSETCATALOG_COMPILER_APPICON_NAME = AppIcon;
				ASSETCATALOG_COMPILER_GLOBAL_ACCENT_COLOR_NAME = AccentColor;
				CODE_SIGN_STYLE = Automatic;
				DEVELOPMENT_TEAM = X4S6MUZL2D;
				ENABLE_PREVIEWS = YES;
				INFOPLIST_FILE = iOS/Info.plist;
				IPHONEOS_DEPLOYMENT_TARGET = 14.0;
				LD_RUNPATH_SEARCH_PATHS = (
					"$(inherited)",
					"@executable_path/Frameworks",
				);
				PRODUCT_BUNDLE_IDENTIFIER = com.skorulis.HexBattle;
				PRODUCT_NAME = HexBattle;
				SDKROOT = iphoneos;
				SWIFT_VERSION = 5.0;
				TARGETED_DEVICE_FAMILY = "1,2";
			};
			name = Debug;
		};
		FA59B69D25FC280F00C7ABC8 /* Release */ = {
			isa = XCBuildConfiguration;
			buildSettings = {
				ASSETCATALOG_COMPILER_APPICON_NAME = AppIcon;
				ASSETCATALOG_COMPILER_GLOBAL_ACCENT_COLOR_NAME = AccentColor;
				CODE_SIGN_STYLE = Automatic;
				DEVELOPMENT_TEAM = X4S6MUZL2D;
				ENABLE_PREVIEWS = YES;
				INFOPLIST_FILE = iOS/Info.plist;
				IPHONEOS_DEPLOYMENT_TARGET = 14.0;
				LD_RUNPATH_SEARCH_PATHS = (
					"$(inherited)",
					"@executable_path/Frameworks",
				);
				PRODUCT_BUNDLE_IDENTIFIER = com.skorulis.HexBattle;
				PRODUCT_NAME = HexBattle;
				SDKROOT = iphoneos;
				SWIFT_VERSION = 5.0;
				TARGETED_DEVICE_FAMILY = "1,2";
				VALIDATE_PRODUCT = YES;
			};
			name = Release;
		};
		FA59B69F25FC280F00C7ABC8 /* Debug */ = {
			isa = XCBuildConfiguration;
			buildSettings = {
				ASSETCATALOG_COMPILER_APPICON_NAME = AppIcon;
				ASSETCATALOG_COMPILER_GLOBAL_ACCENT_COLOR_NAME = AccentColor;
				CODE_SIGN_ENTITLEMENTS = macOS/macOS.entitlements;
				CODE_SIGN_STYLE = Automatic;
				COMBINE_HIDPI_IMAGES = YES;
				DEVELOPMENT_TEAM = X4S6MUZL2D;
				ENABLE_HARDENED_RUNTIME = YES;
				ENABLE_PREVIEWS = YES;
				INFOPLIST_FILE = macOS/Info.plist;
				LD_RUNPATH_SEARCH_PATHS = (
					"$(inherited)",
					"@executable_path/../Frameworks",
				);
				MACOSX_DEPLOYMENT_TARGET = 11.0;
				PRODUCT_BUNDLE_IDENTIFIER = com.skorulis.HexBattle;
				PRODUCT_NAME = HexBattle;
				SDKROOT = macosx;
				SWIFT_VERSION = 5.0;
			};
			name = Debug;
		};
		FA59B6A025FC280F00C7ABC8 /* Release */ = {
			isa = XCBuildConfiguration;
			buildSettings = {
				ASSETCATALOG_COMPILER_APPICON_NAME = AppIcon;
				ASSETCATALOG_COMPILER_GLOBAL_ACCENT_COLOR_NAME = AccentColor;
				CODE_SIGN_ENTITLEMENTS = macOS/macOS.entitlements;
				CODE_SIGN_STYLE = Automatic;
				COMBINE_HIDPI_IMAGES = YES;
				DEVELOPMENT_TEAM = X4S6MUZL2D;
				ENABLE_HARDENED_RUNTIME = YES;
				ENABLE_PREVIEWS = YES;
				INFOPLIST_FILE = macOS/Info.plist;
				LD_RUNPATH_SEARCH_PATHS = (
					"$(inherited)",
					"@executable_path/../Frameworks",
				);
				MACOSX_DEPLOYMENT_TARGET = 11.0;
				PRODUCT_BUNDLE_IDENTIFIER = com.skorulis.HexBattle;
				PRODUCT_NAME = HexBattle;
				SDKROOT = macosx;
				SWIFT_VERSION = 5.0;
			};
			name = Release;
		};
		FA59B6A225FC280F00C7ABC8 /* Debug */ = {
			isa = XCBuildConfiguration;
			buildSettings = {
				ALWAYS_EMBED_SWIFT_STANDARD_LIBRARIES = YES;
				CODE_SIGN_STYLE = Automatic;
				DEVELOPMENT_TEAM = X4S6MUZL2D;
				INFOPLIST_FILE = "Tests iOS/Info.plist";
				IPHONEOS_DEPLOYMENT_TARGET = 14.3;
				LD_RUNPATH_SEARCH_PATHS = (
					"$(inherited)",
					"@executable_path/Frameworks",
					"@loader_path/Frameworks",
				);
				PRODUCT_BUNDLE_IDENTIFIER = "com.skorulis.Tests-iOS";
				PRODUCT_NAME = "$(TARGET_NAME)";
				SDKROOT = iphoneos;
				SWIFT_VERSION = 5.0;
				TARGETED_DEVICE_FAMILY = "1,2";
				TEST_TARGET_NAME = "HexBattle (iOS)";
			};
			name = Debug;
		};
		FA59B6A325FC280F00C7ABC8 /* Release */ = {
			isa = XCBuildConfiguration;
			buildSettings = {
				ALWAYS_EMBED_SWIFT_STANDARD_LIBRARIES = YES;
				CODE_SIGN_STYLE = Automatic;
				DEVELOPMENT_TEAM = X4S6MUZL2D;
				INFOPLIST_FILE = "Tests iOS/Info.plist";
				IPHONEOS_DEPLOYMENT_TARGET = 14.3;
				LD_RUNPATH_SEARCH_PATHS = (
					"$(inherited)",
					"@executable_path/Frameworks",
					"@loader_path/Frameworks",
				);
				PRODUCT_BUNDLE_IDENTIFIER = "com.skorulis.Tests-iOS";
				PRODUCT_NAME = "$(TARGET_NAME)";
				SDKROOT = iphoneos;
				SWIFT_VERSION = 5.0;
				TARGETED_DEVICE_FAMILY = "1,2";
				TEST_TARGET_NAME = "HexBattle (iOS)";
				VALIDATE_PRODUCT = YES;
			};
			name = Release;
		};
		FA59B77625FC33DE00C7ABC8 /* Debug */ = {
			isa = XCBuildConfiguration;
			buildSettings = {
				BUNDLE_LOADER = "$(TEST_HOST)";
				CODE_SIGN_STYLE = Automatic;
				COMBINE_HIDPI_IMAGES = YES;
				DEVELOPMENT_TEAM = X4S6MUZL2D;
				INFOPLIST_FILE = HexBattleTests/Info.plist;
				LD_RUNPATH_SEARCH_PATHS = (
					"$(inherited)",
					"@executable_path/../Frameworks",
					"@loader_path/../Frameworks",
				);
				MACOSX_DEPLOYMENT_TARGET = 11.1;
				PRODUCT_BUNDLE_IDENTIFIER = com.skorulis.HexBattleTests;
				PRODUCT_NAME = "$(TARGET_NAME)";
				SDKROOT = macosx;
				SWIFT_VERSION = 5.0;
				TEST_HOST = "$(BUILT_PRODUCTS_DIR)/HexBattle.app/Contents/MacOS/HexBattle";
			};
			name = Debug;
		};
		FA59B77725FC33DE00C7ABC8 /* Release */ = {
			isa = XCBuildConfiguration;
			buildSettings = {
				BUNDLE_LOADER = "$(TEST_HOST)";
				CODE_SIGN_STYLE = Automatic;
				COMBINE_HIDPI_IMAGES = YES;
				DEVELOPMENT_TEAM = X4S6MUZL2D;
				INFOPLIST_FILE = HexBattleTests/Info.plist;
				LD_RUNPATH_SEARCH_PATHS = (
					"$(inherited)",
					"@executable_path/../Frameworks",
					"@loader_path/../Frameworks",
				);
				MACOSX_DEPLOYMENT_TARGET = 11.1;
				PRODUCT_BUNDLE_IDENTIFIER = com.skorulis.HexBattleTests;
				PRODUCT_NAME = "$(TARGET_NAME)";
				SDKROOT = macosx;
				SWIFT_VERSION = 5.0;
				TEST_HOST = "$(BUILT_PRODUCTS_DIR)/HexBattle.app/Contents/MacOS/HexBattle";
			};
			name = Release;
		};
/* End XCBuildConfiguration section */

/* Begin XCConfigurationList section */
		FA59B66825FC280D00C7ABC8 /* Build configuration list for PBXProject "HexBattle" */ = {
			isa = XCConfigurationList;
			buildConfigurations = (
				FA59B69925FC280F00C7ABC8 /* Debug */,
				FA59B69A25FC280F00C7ABC8 /* Release */,
			);
			defaultConfigurationIsVisible = 0;
			defaultConfigurationName = Release;
		};
		FA59B69B25FC280F00C7ABC8 /* Build configuration list for PBXNativeTarget "HexBattle (iOS)" */ = {
			isa = XCConfigurationList;
			buildConfigurations = (
				FA59B69C25FC280F00C7ABC8 /* Debug */,
				FA59B69D25FC280F00C7ABC8 /* Release */,
			);
			defaultConfigurationIsVisible = 0;
			defaultConfigurationName = Release;
		};
		FA59B69E25FC280F00C7ABC8 /* Build configuration list for PBXNativeTarget "HexBattle (macOS)" */ = {
			isa = XCConfigurationList;
			buildConfigurations = (
				FA59B69F25FC280F00C7ABC8 /* Debug */,
				FA59B6A025FC280F00C7ABC8 /* Release */,
			);
			defaultConfigurationIsVisible = 0;
			defaultConfigurationName = Release;
		};
		FA59B6A125FC280F00C7ABC8 /* Build configuration list for PBXNativeTarget "Tests iOS" */ = {
			isa = XCConfigurationList;
			buildConfigurations = (
				FA59B6A225FC280F00C7ABC8 /* Debug */,
				FA59B6A325FC280F00C7ABC8 /* Release */,
			);
			defaultConfigurationIsVisible = 0;
			defaultConfigurationName = Release;
		};
		FA59B77525FC33DE00C7ABC8 /* Build configuration list for PBXNativeTarget "HexBattleTests" */ = {
			isa = XCConfigurationList;
			buildConfigurations = (
				FA59B77625FC33DE00C7ABC8 /* Debug */,
				FA59B77725FC33DE00C7ABC8 /* Release */,
			);
			defaultConfigurationIsVisible = 0;
			defaultConfigurationName = Release;
		};
/* End XCConfigurationList section */

/* Begin XCRemoteSwiftPackageReference section */
		FA59B6D325FC2A8400C7ABC8 /* XCRemoteSwiftPackageReference "Swinject" */ = {
			isa = XCRemoteSwiftPackageReference;
			repositoryURL = "git@github.com:Swinject/Swinject.git";
			requirement = {
				kind = upToNextMajorVersion;
				minimumVersion = 2.7.1;
			};
		};
		FAC16EDC25FDE982004238EC /* XCRemoteSwiftPackageReference "CGPointVector" */ = {
			isa = XCRemoteSwiftPackageReference;
			repositoryURL = "git@github.com:koher/CGPointVector.git";
			requirement = {
				kind = upToNextMajorVersion;
				minimumVersion = 0.4.1;
			};
		};
/* End XCRemoteSwiftPackageReference section */

/* Begin XCSwiftPackageProductDependency section */
		FA59B6D425FC2A8400C7ABC8 /* Swinject */ = {
			isa = XCSwiftPackageProductDependency;
			package = FA59B6D325FC2A8400C7ABC8 /* XCRemoteSwiftPackageReference "Swinject" */;
			productName = Swinject;
		};
		FA59B6DB25FC2A8F00C7ABC8 /* Swinject */ = {
			isa = XCSwiftPackageProductDependency;
			package = FA59B6D325FC2A8400C7ABC8 /* XCRemoteSwiftPackageReference "Swinject" */;
			productName = Swinject;
		};
		FAC16EDD25FDE982004238EC /* CGPointVector */ = {
			isa = XCSwiftPackageProductDependency;
			package = FAC16EDC25FDE982004238EC /* XCRemoteSwiftPackageReference "CGPointVector" */;
			productName = CGPointVector;
		};
		FAC16EE325FDE991004238EC /* CGPointVector */ = {
			isa = XCSwiftPackageProductDependency;
			package = FAC16EDC25FDE982004238EC /* XCRemoteSwiftPackageReference "CGPointVector" */;
			productName = CGPointVector;
		};
/* End XCSwiftPackageProductDependency section */
	};
	rootObject = FA59B66525FC280D00C7ABC8 /* Project object */;
}
